// !$*UTF8*$!
{
	archiveVersion = 1;
	classes = {
	};
	objectVersion = 46;
	objects = {

/* Begin PBXBuildFile section */
		1A8B7F911B365E5C00315FF3 /* FimDaFaseScene.swift in Sources */ = {isa = PBXBuildFile; fileRef = 1A8B7F901B365E5C00315FF3 /* FimDaFaseScene.swift */; };
		1AE4A36E1B3371DA00C21087 /* DataManager.swift in Sources */ = {isa = PBXBuildFile; fileRef = 1AE4A36D1B3371DA00C21087 /* DataManager.swift */; };
		1AE4A3721B3387E900C21087 /* EscolhaDaFaseViewController.swift in Sources */ = {isa = PBXBuildFile; fileRef = 1AE4A3711B3387E900C21087 /* EscolhaDaFaseViewController.swift */; };
		AFB7D27C1B363B0B0073C367 /* data.json in Resources */ = {isa = PBXBuildFile; fileRef = AFB7D27B1B363B0B0073C367 /* data.json */; };
		CD4B9C941B30A03100C307C2 /* 6.png in Resources */ = {isa = PBXBuildFile; fileRef = CD4B9C931B30A03100C307C2 /* 6.png */; };
		CD4B9C961B30A27000C307C2 /* 7.png in Resources */ = {isa = PBXBuildFile; fileRef = CD4B9C951B30A27000C307C2 /* 7.png */; };
		CD6A5A951B34896600C9E48C /* estrela.png in Resources */ = {isa = PBXBuildFile; fileRef = CD6A5A941B34896600C9E48C /* estrela.png */; };
		CD6A5A971B34AAE400C9E48C /* volume.png in Resources */ = {isa = PBXBuildFile; fileRef = CD6A5A961B34AAE400C9E48C /* volume.png */; };
		CD6A5A991B34ADB000C9E48C /* x.gif in Resources */ = {isa = PBXBuildFile; fileRef = CD6A5A981B34ADB000C9E48C /* x.gif */; };
		CD6A5A9D1B34BA7A00C9E48C /* Mask.png in Resources */ = {isa = PBXBuildFile; fileRef = CD6A5A9C1B34BA7A00C9E48C /* Mask.png */; };
		CD6A5A9F1B34BD4000C9E48C /* background.jpg in Resources */ = {isa = PBXBuildFile; fileRef = CD6A5A9E1B34BD4000C9E48C /* background.jpg */; };
		CD8BFA5B1B2A1A4500FB3356 /* AppDelegate.swift in Sources */ = {isa = PBXBuildFile; fileRef = CD8BFA5A1B2A1A4500FB3356 /* AppDelegate.swift */; };
		CD8BFA5D1B2A1A4500FB3356 /* GameScene.sks in Resources */ = {isa = PBXBuildFile; fileRef = CD8BFA5C1B2A1A4500FB3356 /* GameScene.sks */; };
		CD8BFA5F1B2A1A4500FB3356 /* GameScene.swift in Sources */ = {isa = PBXBuildFile; fileRef = CD8BFA5E1B2A1A4500FB3356 /* GameScene.swift */; };
		CD8BFA611B2A1A4500FB3356 /* GameViewController.swift in Sources */ = {isa = PBXBuildFile; fileRef = CD8BFA601B2A1A4500FB3356 /* GameViewController.swift */; };
		CD8BFA641B2A1A4500FB3356 /* Main.storyboard in Resources */ = {isa = PBXBuildFile; fileRef = CD8BFA621B2A1A4500FB3356 /* Main.storyboard */; };
		CD8BFA661B2A1A4500FB3356 /* Images.xcassets in Resources */ = {isa = PBXBuildFile; fileRef = CD8BFA651B2A1A4500FB3356 /* Images.xcassets */; };
		CD8BFA691B2A1A4500FB3356 /* LaunchScreen.xib in Resources */ = {isa = PBXBuildFile; fileRef = CD8BFA671B2A1A4500FB3356 /* LaunchScreen.xib */; };
		CD8BFA751B2A1A4500FB3356 /* Rock_BoxTests.swift in Sources */ = {isa = PBXBuildFile; fileRef = CD8BFA741B2A1A4500FB3356 /* Rock_BoxTests.swift */; };
		CD8BFA7F1B2A1BD800FB3356 /* star.png in Resources */ = {isa = PBXBuildFile; fileRef = CD8BFA7E1B2A1BD800FB3356 /* star.png */; };
		CD8BFA811B2A1BFF00FB3356 /* SpriteNode.swift in Sources */ = {isa = PBXBuildFile; fileRef = CD8BFA801B2A1BFF00FB3356 /* SpriteNode.swift */; };
		CD8BFAB71B2B451300FB3356 /* 2.png in Resources */ = {isa = PBXBuildFile; fileRef = CD8BFAB61B2B451300FB3356 /* 2.png */; };
		CD8BFAB91B2B57C600FB3356 /* 3.png in Resources */ = {isa = PBXBuildFile; fileRef = CD8BFAB81B2B57C600FB3356 /* 3.png */; };
		CD8BFABB1B2B594600FB3356 /* 4.png in Resources */ = {isa = PBXBuildFile; fileRef = CD8BFABA1B2B594600FB3356 /* 4.png */; };
		CD9A5FD91B2B635F0043415D /* 5.png in Resources */ = {isa = PBXBuildFile; fileRef = CD9A5FD81B2B635F0043415D /* 5.png */; };
		CDD6919F1B37082F002A64C7 /* spark.png in Resources */ = {isa = PBXBuildFile; fileRef = CDD6919B1B37082F002A64C7 /* spark.png */; };
		CDD691A01B37082F002A64C7 /* azul.sks in Resources */ = {isa = PBXBuildFile; fileRef = CDD6919C1B37082F002A64C7 /* azul.sks */; };
		CDD691A11B37082F002A64C7 /* vermelho.sks in Resources */ = {isa = PBXBuildFile; fileRef = CDD6919D1B37082F002A64C7 /* vermelho.sks */; };
		CDD691A21B37082F002A64C7 /* verde.sks in Resources */ = {isa = PBXBuildFile; fileRef = CDD6919E1B37082F002A64C7 /* verde.sks */; };
		CDD691A51B371557002A64C7 /* stars.sks in Resources */ = {isa = PBXBuildFile; fileRef = CDD691A41B371557002A64C7 /* stars.sks */; };
		CDD691AE1B373F1D002A64C7 /* planetavermelho.png in Resources */ = {isa = PBXBuildFile; fileRef = CDD691AD1B373F1D002A64C7 /* planetavermelho.png */; };
		CDD691B01B373F21002A64C7 /* planetaazul.png in Resources */ = {isa = PBXBuildFile; fileRef = CDD691AF1B373F21002A64C7 /* planetaazul.png */; };
		CDD691B21B373F25002A64C7 /* planetaverde.png in Resources */ = {isa = PBXBuildFile; fileRef = CDD691B11B373F25002A64C7 /* planetaverde.png */; };
		CDD691C21B374610002A64C7 /* Personagem_voando_1.png in Resources */ = {isa = PBXBuildFile; fileRef = CDD691BE1B374610002A64C7 /* Personagem_voando_1.png */; };
		CDD691C31B374610002A64C7 /* Personagem_voando_2.png in Resources */ = {isa = PBXBuildFile; fileRef = CDD691BF1B374610002A64C7 /* Personagem_voando_2.png */; };
		CDD691C41B374610002A64C7 /* Personagem_voando_3.png in Resources */ = {isa = PBXBuildFile; fileRef = CDD691C01B374610002A64C7 /* Personagem_voando_3.png */; };
		CDD691C51B374610002A64C7 /* Personagem_voando_4.png in Resources */ = {isa = PBXBuildFile; fileRef = CDD691C11B374610002A64C7 /* Personagem_voando_4.png */; };
		CDD691C91B374D17002A64C7 /* Personagem_feliz_1.png in Resources */ = {isa = PBXBuildFile; fileRef = CDD691C71B374D17002A64C7 /* Personagem_feliz_1.png */; };
		CDD691CA1B374D17002A64C7 /* Personagem_feliz_2.png in Resources */ = {isa = PBXBuildFile; fileRef = CDD691C81B374D17002A64C7 /* Personagem_feliz_2.png */; };
		CDD691D31B374F38002A64C7 /* Personagem_pulando_1.png in Resources */ = {isa = PBXBuildFile; fileRef = CDD691CC1B374F38002A64C7 /* Personagem_pulando_1.png */; };
		CDD691D41B374F38002A64C7 /* Personagem_pulando_2.png in Resources */ = {isa = PBXBuildFile; fileRef = CDD691CD1B374F38002A64C7 /* Personagem_pulando_2.png */; };
		CDD691D51B374F38002A64C7 /* Personagem_pulando_3.png in Resources */ = {isa = PBXBuildFile; fileRef = CDD691CE1B374F38002A64C7 /* Personagem_pulando_3.png */; };
		CDD691D61B374F38002A64C7 /* Personagem_pulando_4.png in Resources */ = {isa = PBXBuildFile; fileRef = CDD691CF1B374F38002A64C7 /* Personagem_pulando_4.png */; };
		CDD691D71B374F38002A64C7 /* Personagem_pulando_5.png in Resources */ = {isa = PBXBuildFile; fileRef = CDD691D01B374F38002A64C7 /* Personagem_pulando_5.png */; };
		CDD691D81B374F38002A64C7 /* Personagem_pulando_6.png in Resources */ = {isa = PBXBuildFile; fileRef = CDD691D11B374F38002A64C7 /* Personagem_pulando_6.png */; };
		CDD691D91B374F38002A64C7 /* Personagem_pulando_7.png in Resources */ = {isa = PBXBuildFile; fileRef = CDD691D21B374F38002A64C7 /* Personagem_pulando_7.png */; };
/* End PBXBuildFile section */

/* Begin PBXContainerItemProxy section */
		CD8BFA6F1B2A1A4500FB3356 /* PBXContainerItemProxy */ = {
			isa = PBXContainerItemProxy;
			containerPortal = CD8BFA4D1B2A1A4500FB3356 /* Project object */;
			proxyType = 1;
			remoteGlobalIDString = CD8BFA541B2A1A4500FB3356;
			remoteInfo = "Rock Box";
		};
/* End PBXContainerItemProxy section */

/* Begin PBXFileReference section */
		1A8B7F901B365E5C00315FF3 /* FimDaFaseScene.swift */ = {isa = PBXFileReference; fileEncoding = 4; lastKnownFileType = sourcecode.swift; path = FimDaFaseScene.swift; sourceTree = "<group>"; };
		1AE4A36D1B3371DA00C21087 /* DataManager.swift */ = {isa = PBXFileReference; fileEncoding = 4; lastKnownFileType = sourcecode.swift; path = DataManager.swift; sourceTree = "<group>"; };
		1AE4A3711B3387E900C21087 /* EscolhaDaFaseViewController.swift */ = {isa = PBXFileReference; fileEncoding = 4; lastKnownFileType = sourcecode.swift; path = EscolhaDaFaseViewController.swift; sourceTree = "<group>"; };
		AFB7D27B1B363B0B0073C367 /* data.json */ = {isa = PBXFileReference; fileEncoding = 4; lastKnownFileType = text.json; path = data.json; sourceTree = "<group>"; };
		CD4B9C931B30A03100C307C2 /* 6.png */ = {isa = PBXFileReference; lastKnownFileType = image.png; path = 6.png; sourceTree = "<group>"; };
		CD4B9C951B30A27000C307C2 /* 7.png */ = {isa = PBXFileReference; lastKnownFileType = image.png; path = 7.png; sourceTree = "<group>"; };
		CD6A5A941B34896600C9E48C /* estrela.png */ = {isa = PBXFileReference; lastKnownFileType = image.png; path = estrela.png; sourceTree = "<group>"; };
		CD6A5A961B34AAE400C9E48C /* volume.png */ = {isa = PBXFileReference; lastKnownFileType = image.png; path = volume.png; sourceTree = "<group>"; };
		CD6A5A981B34ADB000C9E48C /* x.gif */ = {isa = PBXFileReference; lastKnownFileType = image.gif; path = x.gif; sourceTree = "<group>"; };
		CD6A5A9C1B34BA7A00C9E48C /* Mask.png */ = {isa = PBXFileReference; lastKnownFileType = image.png; path = Mask.png; sourceTree = "<group>"; };
		CD6A5A9E1B34BD4000C9E48C /* background.jpg */ = {isa = PBXFileReference; lastKnownFileType = image.jpeg; path = background.jpg; sourceTree = "<group>"; };
		CD8BFA551B2A1A4500FB3356 /* Rock Box.app */ = {isa = PBXFileReference; explicitFileType = wrapper.application; includeInIndex = 0; path = "Rock Box.app"; sourceTree = BUILT_PRODUCTS_DIR; };
		CD8BFA591B2A1A4500FB3356 /* Info.plist */ = {isa = PBXFileReference; lastKnownFileType = text.plist.xml; path = Info.plist; sourceTree = "<group>"; };
		CD8BFA5A1B2A1A4500FB3356 /* AppDelegate.swift */ = {isa = PBXFileReference; lastKnownFileType = sourcecode.swift; path = AppDelegate.swift; sourceTree = "<group>"; };
		CD8BFA5C1B2A1A4500FB3356 /* GameScene.sks */ = {isa = PBXFileReference; lastKnownFileType = file.sks; path = GameScene.sks; sourceTree = "<group>"; };
		CD8BFA5E1B2A1A4500FB3356 /* GameScene.swift */ = {isa = PBXFileReference; lastKnownFileType = sourcecode.swift; path = GameScene.swift; sourceTree = "<group>"; };
		CD8BFA601B2A1A4500FB3356 /* GameViewController.swift */ = {isa = PBXFileReference; lastKnownFileType = sourcecode.swift; path = GameViewController.swift; sourceTree = "<group>"; };
		CD8BFA631B2A1A4500FB3356 /* Base */ = {isa = PBXFileReference; lastKnownFileType = file.storyboard; name = Base; path = Base.lproj/Main.storyboard; sourceTree = "<group>"; };
		CD8BFA651B2A1A4500FB3356 /* Images.xcassets */ = {isa = PBXFileReference; lastKnownFileType = folder.assetcatalog; path = Images.xcassets; sourceTree = "<group>"; };
		CD8BFA681B2A1A4500FB3356 /* Base */ = {isa = PBXFileReference; lastKnownFileType = file.xib; name = Base; path = Base.lproj/LaunchScreen.xib; sourceTree = "<group>"; };
		CD8BFA6E1B2A1A4500FB3356 /* Rock BoxTests.xctest */ = {isa = PBXFileReference; explicitFileType = wrapper.cfbundle; includeInIndex = 0; path = "Rock BoxTests.xctest"; sourceTree = BUILT_PRODUCTS_DIR; };
		CD8BFA731B2A1A4500FB3356 /* Info.plist */ = {isa = PBXFileReference; lastKnownFileType = text.plist.xml; path = Info.plist; sourceTree = "<group>"; };
		CD8BFA741B2A1A4500FB3356 /* Rock_BoxTests.swift */ = {isa = PBXFileReference; lastKnownFileType = sourcecode.swift; path = Rock_BoxTests.swift; sourceTree = "<group>"; };
		CD8BFA7E1B2A1BD800FB3356 /* star.png */ = {isa = PBXFileReference; lastKnownFileType = image.png; path = star.png; sourceTree = "<group>"; };
		CD8BFA801B2A1BFF00FB3356 /* SpriteNode.swift */ = {isa = PBXFileReference; fileEncoding = 4; lastKnownFileType = sourcecode.swift; path = SpriteNode.swift; sourceTree = "<group>"; };
		CD8BFAB61B2B451300FB3356 /* 2.png */ = {isa = PBXFileReference; lastKnownFileType = image.png; path = 2.png; sourceTree = "<group>"; };
		CD8BFAB81B2B57C600FB3356 /* 3.png */ = {isa = PBXFileReference; lastKnownFileType = image.png; path = 3.png; sourceTree = "<group>"; };
		CD8BFABA1B2B594600FB3356 /* 4.png */ = {isa = PBXFileReference; lastKnownFileType = image.png; path = 4.png; sourceTree = "<group>"; };
		CD9A5FD81B2B635F0043415D /* 5.png */ = {isa = PBXFileReference; lastKnownFileType = image.png; path = 5.png; sourceTree = "<group>"; };
		CDD6919B1B37082F002A64C7 /* spark.png */ = {isa = PBXFileReference; lastKnownFileType = image.png; path = spark.png; sourceTree = "<group>"; };
		CDD6919C1B37082F002A64C7 /* azul.sks */ = {isa = PBXFileReference; lastKnownFileType = file.sks; path = azul.sks; sourceTree = "<group>"; };
		CDD6919D1B37082F002A64C7 /* vermelho.sks */ = {isa = PBXFileReference; lastKnownFileType = file.sks; path = vermelho.sks; sourceTree = "<group>"; };
		CDD6919E1B37082F002A64C7 /* verde.sks */ = {isa = PBXFileReference; lastKnownFileType = file.sks; path = verde.sks; sourceTree = "<group>"; };
		CDD691A41B371557002A64C7 /* stars.sks */ = {isa = PBXFileReference; lastKnownFileType = file.sks; path = stars.sks; sourceTree = "<group>"; };
		CDD691AD1B373F1D002A64C7 /* planetavermelho.png */ = {isa = PBXFileReference; lastKnownFileType = image.png; path = planetavermelho.png; sourceTree = "<group>"; };
		CDD691AF1B373F21002A64C7 /* planetaazul.png */ = {isa = PBXFileReference; lastKnownFileType = image.png; path = planetaazul.png; sourceTree = "<group>"; };
		CDD691B11B373F25002A64C7 /* planetaverde.png */ = {isa = PBXFileReference; lastKnownFileType = image.png; path = planetaverde.png; sourceTree = "<group>"; };
		CDD691BE1B374610002A64C7 /* Personagem_voando_1.png */ = {isa = PBXFileReference; lastKnownFileType = image.png; path = Personagem_voando_1.png; sourceTree = "<group>"; };
		CDD691BF1B374610002A64C7 /* Personagem_voando_2.png */ = {isa = PBXFileReference; lastKnownFileType = image.png; path = Personagem_voando_2.png; sourceTree = "<group>"; };
		CDD691C01B374610002A64C7 /* Personagem_voando_3.png */ = {isa = PBXFileReference; lastKnownFileType = image.png; path = Personagem_voando_3.png; sourceTree = "<group>"; };
		CDD691C11B374610002A64C7 /* Personagem_voando_4.png */ = {isa = PBXFileReference; lastKnownFileType = image.png; path = Personagem_voando_4.png; sourceTree = "<group>"; };
		CDD691C71B374D17002A64C7 /* Personagem_feliz_1.png */ = {isa = PBXFileReference; lastKnownFileType = image.png; path = Personagem_feliz_1.png; sourceTree = "<group>"; };
		CDD691C81B374D17002A64C7 /* Personagem_feliz_2.png */ = {isa = PBXFileReference; lastKnownFileType = image.png; path = Personagem_feliz_2.png; sourceTree = "<group>"; };
		CDD691CC1B374F38002A64C7 /* Personagem_pulando_1.png */ = {isa = PBXFileReference; lastKnownFileType = image.png; path = Personagem_pulando_1.png; sourceTree = "<group>"; };
		CDD691CD1B374F38002A64C7 /* Personagem_pulando_2.png */ = {isa = PBXFileReference; lastKnownFileType = image.png; path = Personagem_pulando_2.png; sourceTree = "<group>"; };
		CDD691CE1B374F38002A64C7 /* Personagem_pulando_3.png */ = {isa = PBXFileReference; lastKnownFileType = image.png; path = Personagem_pulando_3.png; sourceTree = "<group>"; };
		CDD691CF1B374F38002A64C7 /* Personagem_pulando_4.png */ = {isa = PBXFileReference; lastKnownFileType = image.png; path = Personagem_pulando_4.png; sourceTree = "<group>"; };
		CDD691D01B374F38002A64C7 /* Personagem_pulando_5.png */ = {isa = PBXFileReference; lastKnownFileType = image.png; path = Personagem_pulando_5.png; sourceTree = "<group>"; };
		CDD691D11B374F38002A64C7 /* Personagem_pulando_6.png */ = {isa = PBXFileReference; lastKnownFileType = image.png; path = Personagem_pulando_6.png; sourceTree = "<group>"; };
		CDD691D21B374F38002A64C7 /* Personagem_pulando_7.png */ = {isa = PBXFileReference; lastKnownFileType = image.png; path = Personagem_pulando_7.png; sourceTree = "<group>"; };
/* End PBXFileReference section */

/* Begin PBXFrameworksBuildPhase section */
		CD8BFA521B2A1A4500FB3356 /* Frameworks */ = {
			isa = PBXFrameworksBuildPhase;
			buildActionMask = 2147483647;
			files = (
			);
			runOnlyForDeploymentPostprocessing = 0;
		};
		CD8BFA6B1B2A1A4500FB3356 /* Frameworks */ = {
			isa = PBXFrameworksBuildPhase;
			buildActionMask = 2147483647;
			files = (
			);
			runOnlyForDeploymentPostprocessing = 0;
		};
/* End PBXFrameworksBuildPhase section */

/* Begin PBXGroup section */
		CD6A5AA01B34C1E500C9E48C /* Model */ = {
			isa = PBXGroup;
			children = (
				1AE4A36D1B3371DA00C21087 /* DataManager.swift */,
				CD8BFA5C1B2A1A4500FB3356 /* GameScene.sks */,
			);
			name = Model;
			sourceTree = "<group>";
		};
		CD6A5AA11B34C1EE00C9E48C /* View */ = {
			isa = PBXGroup;
			children = (
				CD8BFA621B2A1A4500FB3356 /* Main.storyboard */,
				CD8BFA651B2A1A4500FB3356 /* Images.xcassets */,
				CD8BFA671B2A1A4500FB3356 /* LaunchScreen.xib */,
			);
			name = View;
			sourceTree = "<group>";
		};
		CD6A5AA21B34C1FC00C9E48C /* Resources */ = {
			isa = PBXGroup;
			children = (
				CDD691A31B37083D002A64C7 /* Partículas */,
				CD6A5AA61B34C24C00C9E48C /* Data */,
				CD6A5AA41B34C21000C9E48C /* Sounds */,
				CD6A5AA31B34C20200C9E48C /* Images */,
			);
			name = Resources;
			sourceTree = "<group>";
		};
		CD6A5AA31B34C20200C9E48C /* Images */ = {
			isa = PBXGroup;
			children = (
				CDD691CB1B374F21002A64C7 /* Personagem-Pulando */,
				CDD691C61B374D02002A64C7 /* Personagem-Feliz */,
				CDD691B51B3745E1002A64C7 /* Personagem-Voando */,
				CDD691A61B373AAE002A64C7 /* Planetas */,
				CD8BFA7E1B2A1BD800FB3356 /* star.png */,
				CD8BFAB61B2B451300FB3356 /* 2.png */,
				CD8BFAB81B2B57C600FB3356 /* 3.png */,
				CD8BFABA1B2B594600FB3356 /* 4.png */,
				CD9A5FD81B2B635F0043415D /* 5.png */,
				CD4B9C931B30A03100C307C2 /* 6.png */,
				CD4B9C951B30A27000C307C2 /* 7.png */,
				CD6A5A961B34AAE400C9E48C /* volume.png */,
				CD6A5A981B34ADB000C9E48C /* x.gif */,
				CD6A5A941B34896600C9E48C /* estrela.png */,
				CD6A5A9C1B34BA7A00C9E48C /* Mask.png */,
				CD6A5A9E1B34BD4000C9E48C /* background.jpg */,
			);
			name = Images;
			sourceTree = "<group>";
		};
		CD6A5AA41B34C21000C9E48C /* Sounds */ = {
			isa = PBXGroup;
			children = (
			);
			name = Sounds;
			sourceTree = "<group>";
		};
		CD6A5AA51B34C21800C9E48C /* Controller */ = {
			isa = PBXGroup;
			children = (
				CD8BFA5A1B2A1A4500FB3356 /* AppDelegate.swift */,
				CD8BFA5E1B2A1A4500FB3356 /* GameScene.swift */,
				CD8BFA801B2A1BFF00FB3356 /* SpriteNode.swift */,
				1AE4A3711B3387E900C21087 /* EscolhaDaFaseViewController.swift */,
				CD8BFA601B2A1A4500FB3356 /* GameViewController.swift */,
				1A8B7F901B365E5C00315FF3 /* FimDaFaseScene.swift */,
			);
			name = Controller;
			sourceTree = "<group>";
		};
		CD6A5AA61B34C24C00C9E48C /* Data */ = {
			isa = PBXGroup;
			children = (
				AFB7D27B1B363B0B0073C367 /* data.json */,
			);
			name = Data;
			sourceTree = "<group>";
		};
		CD8BFA4C1B2A1A4500FB3356 = {
			isa = PBXGroup;
			children = (
				CD8BFA571B2A1A4500FB3356 /* Rock Box */,
				CD8BFA711B2A1A4500FB3356 /* Rock BoxTests */,
				CD8BFA561B2A1A4500FB3356 /* Products */,
			);
			sourceTree = "<group>";
		};
		CD8BFA561B2A1A4500FB3356 /* Products */ = {
			isa = PBXGroup;
			children = (
				CD8BFA551B2A1A4500FB3356 /* Rock Box.app */,
				CD8BFA6E1B2A1A4500FB3356 /* Rock BoxTests.xctest */,
			);
			name = Products;
			sourceTree = "<group>";
		};
		CD8BFA571B2A1A4500FB3356 /* Rock Box */ = {
			isa = PBXGroup;
			children = (
				CD6A5AA51B34C21800C9E48C /* Controller */,
				CD6A5AA21B34C1FC00C9E48C /* Resources */,
				CD6A5AA11B34C1EE00C9E48C /* View */,
				CD6A5AA01B34C1E500C9E48C /* Model */,
				CD8BFA581B2A1A4500FB3356 /* Supporting Files */,
			);
			path = "Rock Box";
			sourceTree = "<group>";
		};
		CD8BFA581B2A1A4500FB3356 /* Supporting Files */ = {
			isa = PBXGroup;
			children = (
				CD8BFA591B2A1A4500FB3356 /* Info.plist */,
			);
			name = "Supporting Files";
			sourceTree = "<group>";
		};
		CD8BFA711B2A1A4500FB3356 /* Rock BoxTests */ = {
			isa = PBXGroup;
			children = (
				CD8BFA741B2A1A4500FB3356 /* Rock_BoxTests.swift */,
				CD8BFA721B2A1A4500FB3356 /* Supporting Files */,
			);
			path = "Rock BoxTests";
			sourceTree = "<group>";
		};
		CD8BFA721B2A1A4500FB3356 /* Supporting Files */ = {
			isa = PBXGroup;
			children = (
				CD8BFA731B2A1A4500FB3356 /* Info.plist */,
			);
			name = "Supporting Files";
			sourceTree = "<group>";
		};
		CDD691A31B37083D002A64C7 /* Partículas */ = {
			isa = PBXGroup;
			children = (
				CDD6919B1B37082F002A64C7 /* spark.png */,
				CDD691A41B371557002A64C7 /* stars.sks */,
				CDD6919C1B37082F002A64C7 /* azul.sks */,
				CDD6919D1B37082F002A64C7 /* vermelho.sks */,
				CDD6919E1B37082F002A64C7 /* verde.sks */,
			);
			name = "Partículas";
			sourceTree = "<group>";
		};
		CDD691A61B373AAE002A64C7 /* Planetas */ = {
			isa = PBXGroup;
			children = (
				CDD691AD1B373F1D002A64C7 /* planetavermelho.png */,
				CDD691B11B373F25002A64C7 /* planetaverde.png */,
				CDD691AF1B373F21002A64C7 /* planetaazul.png */,
			);
			name = Planetas;
			sourceTree = "<group>";
		};
		CDD691B51B3745E1002A64C7 /* Personagem-Voando */ = {
			isa = PBXGroup;
			children = (
				CDD691BE1B374610002A64C7 /* Personagem_voando_1.png */,
				CDD691BF1B374610002A64C7 /* Personagem_voando_2.png */,
				CDD691C01B374610002A64C7 /* Personagem_voando_3.png */,
				CDD691C11B374610002A64C7 /* Personagem_voando_4.png */,
			);
			name = "Personagem-Voando";
			sourceTree = "<group>";
		};
		CDD691C61B374D02002A64C7 /* Personagem-Feliz */ = {
			isa = PBXGroup;
			children = (
				CDD691C71B374D17002A64C7 /* Personagem_feliz_1.png */,
				CDD691C81B374D17002A64C7 /* Personagem_feliz_2.png */,
			);
			name = "Personagem-Feliz";
			sourceTree = "<group>";
		};
		CDD691CB1B374F21002A64C7 /* Personagem-Pulando */ = {
			isa = PBXGroup;
			children = (
				CDD691CC1B374F38002A64C7 /* Personagem_pulando_1.png */,
				CDD691CD1B374F38002A64C7 /* Personagem_pulando_2.png */,
				CDD691CF1B374F38002A64C7 /* Personagem_pulando_4.png */,
				CDD691CE1B374F38002A64C7 /* Personagem_pulando_3.png */,
				CDD691D01B374F38002A64C7 /* Personagem_pulando_5.png */,
				CDD691D11B374F38002A64C7 /* Personagem_pulando_6.png */,
				CDD691D21B374F38002A64C7 /* Personagem_pulando_7.png */,
			);
			name = "Personagem-Pulando";
			sourceTree = "<group>";
		};
/* End PBXGroup section */

/* Begin PBXNativeTarget section */
		CD8BFA541B2A1A4500FB3356 /* Rock Box */ = {
			isa = PBXNativeTarget;
			buildConfigurationList = CD8BFA781B2A1A4500FB3356 /* Build configuration list for PBXNativeTarget "Rock Box" */;
			buildPhases = (
				CD8BFA511B2A1A4500FB3356 /* Sources */,
				CD8BFA521B2A1A4500FB3356 /* Frameworks */,
				CD8BFA531B2A1A4500FB3356 /* Resources */,
			);
			buildRules = (
			);
			dependencies = (
			);
			name = "Rock Box";
			productName = "Rock Box";
			productReference = CD8BFA551B2A1A4500FB3356 /* Rock Box.app */;
			productType = "com.apple.product-type.application";
		};
		CD8BFA6D1B2A1A4500FB3356 /* Rock BoxTests */ = {
			isa = PBXNativeTarget;
			buildConfigurationList = CD8BFA7B1B2A1A4500FB3356 /* Build configuration list for PBXNativeTarget "Rock BoxTests" */;
			buildPhases = (
				CD8BFA6A1B2A1A4500FB3356 /* Sources */,
				CD8BFA6B1B2A1A4500FB3356 /* Frameworks */,
				CD8BFA6C1B2A1A4500FB3356 /* Resources */,
			);
			buildRules = (
			);
			dependencies = (
				CD8BFA701B2A1A4500FB3356 /* PBXTargetDependency */,
			);
			name = "Rock BoxTests";
			productName = "Rock BoxTests";
			productReference = CD8BFA6E1B2A1A4500FB3356 /* Rock BoxTests.xctest */;
			productType = "com.apple.product-type.bundle.unit-test";
		};
/* End PBXNativeTarget section */

/* Begin PBXProject section */
		CD8BFA4D1B2A1A4500FB3356 /* Project object */ = {
			isa = PBXProject;
			attributes = {
				LastUpgradeCheck = 0630;
				ORGANIZATIONNAME = "Leonardo Geus";
				TargetAttributes = {
					CD8BFA541B2A1A4500FB3356 = {
						CreatedOnToolsVersion = 6.3.1;
					};
					CD8BFA6D1B2A1A4500FB3356 = {
						CreatedOnToolsVersion = 6.3.1;
						TestTargetID = CD8BFA541B2A1A4500FB3356;
					};
				};
			};
			buildConfigurationList = CD8BFA501B2A1A4500FB3356 /* Build configuration list for PBXProject "Rock Box" */;
			compatibilityVersion = "Xcode 3.2";
			developmentRegion = English;
			hasScannedForEncodings = 0;
			knownRegions = (
				en,
				Base,
			);
			mainGroup = CD8BFA4C1B2A1A4500FB3356;
			productRefGroup = CD8BFA561B2A1A4500FB3356 /* Products */;
			projectDirPath = "";
			projectRoot = "";
			targets = (
				CD8BFA541B2A1A4500FB3356 /* Rock Box */,
				CD8BFA6D1B2A1A4500FB3356 /* Rock BoxTests */,
			);
		};
/* End PBXProject section */

/* Begin PBXResourcesBuildPhase section */
		CD8BFA531B2A1A4500FB3356 /* Resources */ = {
			isa = PBXResourcesBuildPhase;
			buildActionMask = 2147483647;
			files = (
				CD8BFAB91B2B57C600FB3356 /* 3.png in Resources */,
				CDD691AE1B373F1D002A64C7 /* planetavermelho.png in Resources */,
				CDD691D71B374F38002A64C7 /* Personagem_pulando_5.png in Resources */,
				CDD6919F1B37082F002A64C7 /* spark.png in Resources */,
				CD8BFA691B2A1A4500FB3356 /* LaunchScreen.xib in Resources */,
				CDD691D61B374F38002A64C7 /* Personagem_pulando_4.png in Resources */,
				CDD691CA1B374D17002A64C7 /* Personagem_feliz_2.png in Resources */,
				CD6A5A991B34ADB000C9E48C /* x.gif in Resources */,
				CD8BFA7F1B2A1BD800FB3356 /* star.png in Resources */,
				CD8BFA661B2A1A4500FB3356 /* Images.xcassets in Resources */,
				CDD691C21B374610002A64C7 /* Personagem_voando_1.png in Resources */,
				CDD691C51B374610002A64C7 /* Personagem_voando_4.png in Resources */,
				CDD691C91B374D17002A64C7 /* Personagem_feliz_1.png in Resources */,
				CD8BFA5D1B2A1A4500FB3356 /* GameScene.sks in Resources */,
				CD4B9C941B30A03100C307C2 /* 6.png in Resources */,
				CD8BFABB1B2B594600FB3356 /* 4.png in Resources */,
				CD6A5A9D1B34BA7A00C9E48C /* Mask.png in Resources */,
				CDD691A01B37082F002A64C7 /* azul.sks in Resources */,
				CDD691D91B374F38002A64C7 /* Personagem_pulando_7.png in Resources */,
				CDD691B21B373F25002A64C7 /* planetaverde.png in Resources */,
				CD8BFAB71B2B451300FB3356 /* 2.png in Resources */,
				AFB7D27C1B363B0B0073C367 /* data.json in Resources */,
				CD4B9C961B30A27000C307C2 /* 7.png in Resources */,
				CDD691C31B374610002A64C7 /* Personagem_voando_2.png in Resources */,
				CDD691A11B37082F002A64C7 /* vermelho.sks in Resources */,
				CD9A5FD91B2B635F0043415D /* 5.png in Resources */,
				CDD691A21B37082F002A64C7 /* verde.sks in Resources */,
				CD6A5A971B34AAE400C9E48C /* volume.png in Resources */,
				CDD691B01B373F21002A64C7 /* planetaazul.png in Resources */,
				CDD691D41B374F38002A64C7 /* Personagem_pulando_2.png in Resources */,
				CD6A5A951B34896600C9E48C /* estrela.png in Resources */,
				CDD691D51B374F38002A64C7 /* Personagem_pulando_3.png in Resources */,
				CD6A5A9F1B34BD4000C9E48C /* background.jpg in Resources */,
				CDD691D81B374F38002A64C7 /* Personagem_pulando_6.png in Resources */,
				CD8BFA641B2A1A4500FB3356 /* Main.storyboard in Resources */,
				CDD691A51B371557002A64C7 /* stars.sks in Resources */,
				CDD691D31B374F38002A64C7 /* Personagem_pulando_1.png in Resources */,
				CDD691C41B374610002A64C7 /* Personagem_voando_3.png in Resources */,
			);
			runOnlyForDeploymentPostprocessing = 0;
		};
		CD8BFA6C1B2A1A4500FB3356 /* Resources */ = {
			isa = PBXResourcesBuildPhase;
			buildActionMask = 2147483647;
			files = (
			);
			runOnlyForDeploymentPostprocessing = 0;
		};
/* End PBXResourcesBuildPhase section */

/* Begin PBXSourcesBuildPhase section */
		CD8BFA511B2A1A4500FB3356 /* Sources */ = {
			isa = PBXSourcesBuildPhase;
			buildActionMask = 2147483647;
			files = (
				1A8B7F911B365E5C00315FF3 /* FimDaFaseScene.swift in Sources */,
				1AE4A36E1B3371DA00C21087 /* DataManager.swift in Sources */,
				CD8BFA5F1B2A1A4500FB3356 /* GameScene.swift in Sources */,
				CD8BFA811B2A1BFF00FB3356 /* SpriteNode.swift in Sources */,
				CD8BFA611B2A1A4500FB3356 /* GameViewController.swift in Sources */,
				CD8BFA5B1B2A1A4500FB3356 /* AppDelegate.swift in Sources */,
				1AE4A3721B3387E900C21087 /* EscolhaDaFaseViewController.swift in Sources */,
			);
			runOnlyForDeploymentPostprocessing = 0;
		};
		CD8BFA6A1B2A1A4500FB3356 /* Sources */ = {
			isa = PBXSourcesBuildPhase;
			buildActionMask = 2147483647;
			files = (
				CD8BFA751B2A1A4500FB3356 /* Rock_BoxTests.swift in Sources */,
			);
			runOnlyForDeploymentPostprocessing = 0;
		};
/* End PBXSourcesBuildPhase section */

/* Begin PBXTargetDependency section */
		CD8BFA701B2A1A4500FB3356 /* PBXTargetDependency */ = {
			isa = PBXTargetDependency;
			target = CD8BFA541B2A1A4500FB3356 /* Rock Box */;
			targetProxy = CD8BFA6F1B2A1A4500FB3356 /* PBXContainerItemProxy */;
		};
/* End PBXTargetDependency section */

/* Begin PBXVariantGroup section */
		CD8BFA621B2A1A4500FB3356 /* Main.storyboard */ = {
			isa = PBXVariantGroup;
			children = (
				CD8BFA631B2A1A4500FB3356 /* Base */,
			);
			name = Main.storyboard;
			sourceTree = "<group>";
		};
		CD8BFA671B2A1A4500FB3356 /* LaunchScreen.xib */ = {
			isa = PBXVariantGroup;
			children = (
				CD8BFA681B2A1A4500FB3356 /* Base */,
			);
			name = LaunchScreen.xib;
			sourceTree = "<group>";
		};
/* End PBXVariantGroup section */

/* Begin XCBuildConfiguration section */
		CD8BFA761B2A1A4500FB3356 /* Debug */ = {
			isa = XCBuildConfiguration;
			buildSettings = {
				ALWAYS_SEARCH_USER_PATHS = NO;
				CLANG_CXX_LANGUAGE_STANDARD = "gnu++0x";
				CLANG_CXX_LIBRARY = "libc++";
				CLANG_ENABLE_MODULES = YES;
				CLANG_ENABLE_OBJC_ARC = YES;
				CLANG_WARN_BOOL_CONVERSION = YES;
				CLANG_WARN_CONSTANT_CONVERSION = YES;
				CLANG_WARN_DIRECT_OBJC_ISA_USAGE = YES_ERROR;
				CLANG_WARN_EMPTY_BODY = YES;
				CLANG_WARN_ENUM_CONVERSION = YES;
				CLANG_WARN_INT_CONVERSION = YES;
				CLANG_WARN_OBJC_ROOT_CLASS = YES_ERROR;
				CLANG_WARN_UNREACHABLE_CODE = YES;
				CLANG_WARN__DUPLICATE_METHOD_MATCH = YES;
				"CODE_SIGN_IDENTITY[sdk=iphoneos*]" = "iPhone Developer";
				COPY_PHASE_STRIP = NO;
				DEBUG_INFORMATION_FORMAT = "dwarf-with-dsym";
				ENABLE_STRICT_OBJC_MSGSEND = YES;
				GCC_C_LANGUAGE_STANDARD = gnu99;
				GCC_DYNAMIC_NO_PIC = NO;
				GCC_NO_COMMON_BLOCKS = YES;
				GCC_OPTIMIZATION_LEVEL = 0;
				GCC_PREPROCESSOR_DEFINITIONS = (
					"DEBUG=1",
					"$(inherited)",
				);
				GCC_SYMBOLS_PRIVATE_EXTERN = NO;
				GCC_WARN_64_TO_32_BIT_CONVERSION = YES;
				GCC_WARN_ABOUT_RETURN_TYPE = YES_ERROR;
				GCC_WARN_UNDECLARED_SELECTOR = YES;
				GCC_WARN_UNINITIALIZED_AUTOS = YES_AGGRESSIVE;
				GCC_WARN_UNUSED_FUNCTION = YES;
				GCC_WARN_UNUSED_VARIABLE = YES;
				IPHONEOS_DEPLOYMENT_TARGET = 8.3;
				MTL_ENABLE_DEBUG_INFO = YES;
				ONLY_ACTIVE_ARCH = YES;
				SDKROOT = iphoneos;
				SWIFT_OPTIMIZATION_LEVEL = "-Onone";
				TARGETED_DEVICE_FAMILY = "1,2";
			};
			name = Debug;
		};
		CD8BFA771B2A1A4500FB3356 /* Release */ = {
			isa = XCBuildConfiguration;
			buildSettings = {
				ALWAYS_SEARCH_USER_PATHS = NO;
				CLANG_CXX_LANGUAGE_STANDARD = "gnu++0x";
				CLANG_CXX_LIBRARY = "libc++";
				CLANG_ENABLE_MODULES = YES;
				CLANG_ENABLE_OBJC_ARC = YES;
				CLANG_WARN_BOOL_CONVERSION = YES;
				CLANG_WARN_CONSTANT_CONVERSION = YES;
				CLANG_WARN_DIRECT_OBJC_ISA_USAGE = YES_ERROR;
				CLANG_WARN_EMPTY_BODY = YES;
				CLANG_WARN_ENUM_CONVERSION = YES;
				CLANG_WARN_INT_CONVERSION = YES;
				CLANG_WARN_OBJC_ROOT_CLASS = YES_ERROR;
				CLANG_WARN_UNREACHABLE_CODE = YES;
				CLANG_WARN__DUPLICATE_METHOD_MATCH = YES;
				"CODE_SIGN_IDENTITY[sdk=iphoneos*]" = "iPhone Developer";
				COPY_PHASE_STRIP = NO;
				DEBUG_INFORMATION_FORMAT = "dwarf-with-dsym";
				ENABLE_NS_ASSERTIONS = NO;
				ENABLE_STRICT_OBJC_MSGSEND = YES;
				GCC_C_LANGUAGE_STANDARD = gnu99;
				GCC_NO_COMMON_BLOCKS = YES;
				GCC_WARN_64_TO_32_BIT_CONVERSION = YES;
				GCC_WARN_ABOUT_RETURN_TYPE = YES_ERROR;
				GCC_WARN_UNDECLARED_SELECTOR = YES;
				GCC_WARN_UNINITIALIZED_AUTOS = YES_AGGRESSIVE;
				GCC_WARN_UNUSED_FUNCTION = YES;
				GCC_WARN_UNUSED_VARIABLE = YES;
				IPHONEOS_DEPLOYMENT_TARGET = 8.3;
				MTL_ENABLE_DEBUG_INFO = NO;
				SDKROOT = iphoneos;
				TARGETED_DEVICE_FAMILY = "1,2";
				VALIDATE_PRODUCT = YES;
			};
			name = Release;
		};
		CD8BFA791B2A1A4500FB3356 /* Debug */ = {
			isa = XCBuildConfiguration;
			buildSettings = {
				ASSETCATALOG_COMPILER_APPICON_NAME = AppIcon;
				INFOPLIST_FILE = "Rock Box/Info.plist";
				LD_RUNPATH_SEARCH_PATHS = "$(inherited) @executable_path/Frameworks";
				PRODUCT_NAME = "$(TARGET_NAME)";
				TARGETED_DEVICE_FAMILY = 2;
			};
			name = Debug;
		};
		CD8BFA7A1B2A1A4500FB3356 /* Release */ = {
			isa = XCBuildConfiguration;
			buildSettings = {
				ASSETCATALOG_COMPILER_APPICON_NAME = AppIcon;
				INFOPLIST_FILE = "Rock Box/Info.plist";
				LD_RUNPATH_SEARCH_PATHS = "$(inherited) @executable_path/Frameworks";
				PRODUCT_NAME = "$(TARGET_NAME)";
				TARGETED_DEVICE_FAMILY = 2;
			};
			name = Release;
		};
		CD8BFA7C1B2A1A4500FB3356 /* Debug */ = {
			isa = XCBuildConfiguration;
			buildSettings = {
				BUNDLE_LOADER = "$(TEST_HOST)";
				FRAMEWORK_SEARCH_PATHS = (
					"$(SDKROOT)/Developer/Library/Frameworks",
					"$(inherited)",
				);
				GCC_PREPROCESSOR_DEFINITIONS = (
					"DEBUG=1",
					"$(inherited)",
				);
				INFOPLIST_FILE = "Rock BoxTests/Info.plist";
				LD_RUNPATH_SEARCH_PATHS = "$(inherited) @executable_path/Frameworks @loader_path/Frameworks";
				PRODUCT_NAME = "$(TARGET_NAME)";
				TEST_HOST = "$(BUILT_PRODUCTS_DIR)/Rock Box.app/Rock Box";
			};
			name = Debug;
		};
		CD8BFA7D1B2A1A4500FB3356 /* Release */ = {
			isa = XCBuildConfiguration;
			buildSettings = {
				BUNDLE_LOADER = "$(TEST_HOST)";
				FRAMEWORK_SEARCH_PATHS = (
					"$(SDKROOT)/Developer/Library/Frameworks",
					"$(inherited)",
				);
				INFOPLIST_FILE = "Rock BoxTests/Info.plist";
				LD_RUNPATH_SEARCH_PATHS = "$(inherited) @executable_path/Frameworks @loader_path/Frameworks";
				PRODUCT_NAME = "$(TARGET_NAME)";
				TEST_HOST = "$(BUILT_PRODUCTS_DIR)/Rock Box.app/Rock Box";
			};
			name = Release;
		};
/* End XCBuildConfiguration section */

/* Begin XCConfigurationList section */
		CD8BFA501B2A1A4500FB3356 /* Build configuration list for PBXProject "Rock Box" */ = {
			isa = XCConfigurationList;
			buildConfigurations = (
				CD8BFA761B2A1A4500FB3356 /* Debug */,
				CD8BFA771B2A1A4500FB3356 /* Release */,
			);
			defaultConfigurationIsVisible = 0;
			defaultConfigurationName = Release;
		};
		CD8BFA781B2A1A4500FB3356 /* Build configuration list for PBXNativeTarget "Rock Box" */ = {
			isa = XCConfigurationList;
			buildConfigurations = (
				CD8BFA791B2A1A4500FB3356 /* Debug */,
				CD8BFA7A1B2A1A4500FB3356 /* Release */,
			);
			defaultConfigurationIsVisible = 0;
			defaultConfigurationName = Release;
		};
		CD8BFA7B1B2A1A4500FB3356 /* Build configuration list for PBXNativeTarget "Rock BoxTests" */ = {
			isa = XCConfigurationList;
			buildConfigurations = (
				CD8BFA7C1B2A1A4500FB3356 /* Debug */,
				CD8BFA7D1B2A1A4500FB3356 /* Release */,
			);
			defaultConfigurationIsVisible = 0;
			defaultConfigurationName = Release;
		};
/* End XCConfigurationList section */
	};
	rootObject = CD8BFA4D1B2A1A4500FB3356 /* Project object */;
}
