// !$*UTF8*$!
{
	archiveVersion = 1;
	classes = {
	};
	objectVersion = 46;
	objects = {

/* Begin PBXBuildFile section */
		1A8B7F911B365E5C00315FF3 /* FimDaFaseScene.swift in Sources */ = {isa = PBXBuildFile; fileRef = 1A8B7F901B365E5C00315FF3 /* FimDaFaseScene.swift */; };
		1ADD85881B375FD100E26261 /* Line.png in Resources */ = {isa = PBXBuildFile; fileRef = 1ADD85871B375FD100E26261 /* Line.png */; };
		1ADD858A1B376E0300E26261 /* sound copy.png in Resources */ = {isa = PBXBuildFile; fileRef = 1ADD85891B376E0300E26261 /* sound copy.png */; };
		1ADD858C1B3770FC00E26261 /* estrelaApagada.png in Resources */ = {isa = PBXBuildFile; fileRef = 1ADD858B1B3770FC00E26261 /* estrelaApagada.png */; };
		1ADD85981B37812500E26261 /* fases.png in Resources */ = {isa = PBXBuildFile; fileRef = 1ADD85971B37812500E26261 /* fases.png */; };
		1ADD859A1B37812F00E26261 /* fecharJanela.png in Resources */ = {isa = PBXBuildFile; fileRef = 1ADD85991B37812F00E26261 /* fecharJanela.png */; };
		1ADD859C1B37813700E26261 /* JogarNovamente.png in Resources */ = {isa = PBXBuildFile; fileRef = 1ADD859B1B37813700E26261 /* JogarNovamente.png */; };
		1ADD859E1B37813E00E26261 /* prosseguir.png in Resources */ = {isa = PBXBuildFile; fileRef = 1ADD859D1B37813E00E26261 /* prosseguir.png */; };
		1ADD85A01B37814800E26261 /* fundoDoHud.png in Resources */ = {isa = PBXBuildFile; fileRef = 1ADD859F1B37814800E26261 /* fundoDoHud.png */; };
		1ADD85A21B37815400E26261 /* janela1.png in Resources */ = {isa = PBXBuildFile; fileRef = 1ADD85A11B37815400E26261 /* janela1.png */; };
		1ADD85F81B37995500E26261 /* A.png in Resources */ = {isa = PBXBuildFile; fileRef = 1ADD85DD1B37995500E26261 /* A.png */; };
		1ADD85F91B37995500E26261 /* B.png in Resources */ = {isa = PBXBuildFile; fileRef = 1ADD85DE1B37995500E26261 /* B.png */; };
		1ADD85FA1B37995500E26261 /* C.png in Resources */ = {isa = PBXBuildFile; fileRef = 1ADD85DF1B37995500E26261 /* C.png */; };
		1ADD85FB1B37995500E26261 /* Ç.png in Resources */ = {isa = PBXBuildFile; fileRef = 1ADD85E01B37995500E26261 /* Ç.png */; };
		1ADD85FC1B37995500E26261 /* D.png in Resources */ = {isa = PBXBuildFile; fileRef = 1ADD85E11B37995500E26261 /* D.png */; };
		1ADD85FD1B37995500E26261 /* E.png in Resources */ = {isa = PBXBuildFile; fileRef = 1ADD85E21B37995500E26261 /* E.png */; };
		1ADD85FE1B37995500E26261 /* F.png in Resources */ = {isa = PBXBuildFile; fileRef = 1ADD85E31B37995500E26261 /* F.png */; };
		1ADD86001B37995500E26261 /* H.png in Resources */ = {isa = PBXBuildFile; fileRef = 1ADD85E51B37995500E26261 /* H.png */; };
		1ADD86011B37995500E26261 /* I.png in Resources */ = {isa = PBXBuildFile; fileRef = 1ADD85E61B37995500E26261 /* I.png */; };
		1ADD86021B37995500E26261 /* J.png in Resources */ = {isa = PBXBuildFile; fileRef = 1ADD85E71B37995500E26261 /* J.png */; };
		1ADD86031B37995500E26261 /* K.png in Resources */ = {isa = PBXBuildFile; fileRef = 1ADD85E81B37995500E26261 /* K.png */; };
		1ADD86041B37995500E26261 /* L.png in Resources */ = {isa = PBXBuildFile; fileRef = 1ADD85E91B37995500E26261 /* L.png */; };
		1ADD86051B37995500E26261 /* M.png in Resources */ = {isa = PBXBuildFile; fileRef = 1ADD85EA1B37995500E26261 /* M.png */; };
		1ADD86061B37995500E26261 /* N.png in Resources */ = {isa = PBXBuildFile; fileRef = 1ADD85EB1B37995500E26261 /* N.png */; };
		1ADD86071B37995500E26261 /* O.png in Resources */ = {isa = PBXBuildFile; fileRef = 1ADD85EC1B37995500E26261 /* O.png */; };
		1ADD86081B37995500E26261 /* P.png in Resources */ = {isa = PBXBuildFile; fileRef = 1ADD85ED1B37995500E26261 /* P.png */; };
		1ADD86091B37995500E26261 /* Q.png in Resources */ = {isa = PBXBuildFile; fileRef = 1ADD85EE1B37995500E26261 /* Q.png */; };
		1ADD860A1B37995500E26261 /* R.png in Resources */ = {isa = PBXBuildFile; fileRef = 1ADD85EF1B37995500E26261 /* R.png */; };
		1ADD860B1B37995500E26261 /* S.png in Resources */ = {isa = PBXBuildFile; fileRef = 1ADD85F01B37995500E26261 /* S.png */; };
		1ADD860C1B37995500E26261 /* T.png in Resources */ = {isa = PBXBuildFile; fileRef = 1ADD85F11B37995500E26261 /* T.png */; };
		1ADD860D1B37995500E26261 /* U.png in Resources */ = {isa = PBXBuildFile; fileRef = 1ADD85F21B37995500E26261 /* U.png */; };
		1ADD860E1B37995500E26261 /* V.png in Resources */ = {isa = PBXBuildFile; fileRef = 1ADD85F31B37995500E26261 /* V.png */; };
		1ADD860F1B37995500E26261 /* W.png in Resources */ = {isa = PBXBuildFile; fileRef = 1ADD85F41B37995500E26261 /* W.png */; };
		1ADD86101B37995500E26261 /* X.png in Resources */ = {isa = PBXBuildFile; fileRef = 1ADD85F51B37995500E26261 /* X.png */; };
		1ADD86111B37995500E26261 /* Y.png in Resources */ = {isa = PBXBuildFile; fileRef = 1ADD85F61B37995500E26261 /* Y.png */; };
		1ADD86121B37995500E26261 /* Z.png in Resources */ = {isa = PBXBuildFile; fileRef = 1ADD85F71B37995500E26261 /* Z.png */; };
		1ADD861C1B37BDF600E26261 /* Agua.png in Resources */ = {isa = PBXBuildFile; fileRef = 1ADD86141B37BDF600E26261 /* Agua.png */; };
		1ADD861D1B37BDF600E26261 /* Calça.png in Resources */ = {isa = PBXBuildFile; fileRef = 1ADD86151B37BDF600E26261 /* Calça.png */; };
		1ADD861E1B37BDF600E26261 /* ccarro.png in Resources */ = {isa = PBXBuildFile; fileRef = 1ADD86161B37BDF600E26261 /* ccarro.png */; };
		1ADD861F1B37BDF600E26261 /* Casa.png in Resources */ = {isa = PBXBuildFile; fileRef = 1ADD86171B37BDF600E26261 /* Casa.png */; };
		1ADD86201B37BDF600E26261 /* Cenoura.png in Resources */ = {isa = PBXBuildFile; fileRef = 1ADD86181B37BDF600E26261 /* Cenoura.png */; };
		1ADD86211B37BDF600E26261 /* Chuva.png in Resources */ = {isa = PBXBuildFile; fileRef = 1ADD86191B37BDF600E26261 /* Chuva.png */; };
		1ADD86221B37BDF600E26261 /* Hospital.png in Resources */ = {isa = PBXBuildFile; fileRef = 1ADD861A1B37BDF600E26261 /* Hospital.png */; };
		1ADD86231B37BDF600E26261 /* Olho.png in Resources */ = {isa = PBXBuildFile; fileRef = 1ADD861B1B37BDF600E26261 /* Olho.png */; };
		1ADFB1D11B38C60100A05137 /* janela2.png in Resources */ = {isa = PBXBuildFile; fileRef = 1ADFB1D01B38C60100A05137 /* janela2.png */; };
		1AE01D511B39D99C0052BD17 /* planetaCinza.png in Resources */ = {isa = PBXBuildFile; fileRef = 1AE01D501B39D99C0052BD17 /* planetaCinza.png */; };
		1AE4A36E1B3371DA00C21087 /* DataManager.swift in Sources */ = {isa = PBXBuildFile; fileRef = 1AE4A36D1B3371DA00C21087 /* DataManager.swift */; };
		1AE4A3721B3387E900C21087 /* EscolhaDaFaseViewController.swift in Sources */ = {isa = PBXBuildFile; fileRef = 1AE4A3711B3387E900C21087 /* EscolhaDaFaseViewController.swift */; };
		A75C33ED1B37B6BD005FF4FD /* logo.jpg in Resources */ = {isa = PBXBuildFile; fileRef = A75C33EC1B37B6BD005FF4FD /* logo.jpg */; };
		A7DA6D441B37C72C00BD9476 /* number5.png in Resources */ = {isa = PBXBuildFile; fileRef = A7DA6D3B1B37C72C00BD9476 /* number5.png */; };
		A7DA6D451B37C72C00BD9476 /* number1.png in Resources */ = {isa = PBXBuildFile; fileRef = A7DA6D3C1B37C72C00BD9476 /* number1.png */; };
		A7DA6D461B37C72C00BD9476 /* number8.png in Resources */ = {isa = PBXBuildFile; fileRef = A7DA6D3D1B37C72C00BD9476 /* number8.png */; };
		A7DA6D471B37C72C00BD9476 /* number6.png in Resources */ = {isa = PBXBuildFile; fileRef = A7DA6D3E1B37C72C00BD9476 /* number6.png */; };
		A7DA6D481B37C72C00BD9476 /* number7.png in Resources */ = {isa = PBXBuildFile; fileRef = A7DA6D3F1B37C72C00BD9476 /* number7.png */; };
		A7DA6D491B37C72C00BD9476 /* number9.png in Resources */ = {isa = PBXBuildFile; fileRef = A7DA6D401B37C72C00BD9476 /* number9.png */; };
		A7DA6D4A1B37C72C00BD9476 /* number2.png in Resources */ = {isa = PBXBuildFile; fileRef = A7DA6D411B37C72C00BD9476 /* number2.png */; };
		A7DA6D4B1B37C72C00BD9476 /* number3.png in Resources */ = {isa = PBXBuildFile; fileRef = A7DA6D421B37C72C00BD9476 /* number3.png */; };
		A7DA6D4C1B37C72C00BD9476 /* number4.png in Resources */ = {isa = PBXBuildFile; fileRef = A7DA6D431B37C72C00BD9476 /* number4.png */; };
		A7DA6D4E1B37C9FE00BD9476 /* InitialViewController.swift in Sources */ = {isa = PBXBuildFile; fileRef = A7DA6D4D1B37C9FE00BD9476 /* InitialViewController.swift */; };
		A7DA6D521B37CCAA00BD9476 /* ambiente.mp3 in Resources */ = {isa = PBXBuildFile; fileRef = A7DA6D4F1B37CCAA00BD9476 /* ambiente.mp3 */; };
		A7DA6D531B37CCAA00BD9476 /* menu.mp3 in Resources */ = {isa = PBXBuildFile; fileRef = A7DA6D501B37CCAA00BD9476 /* menu.mp3 */; };
		A7DA6D541B37CCAA00BD9476 /* vitoria.mp3.mp3 in Resources */ = {isa = PBXBuildFile; fileRef = A7DA6D511B37CCAA00BD9476 /* vitoria.mp3.mp3 */; };
		A7DA6D581B37D68600BD9476 /* Main.storyboard in Resources */ = {isa = PBXBuildFile; fileRef = A7DA6D571B37D68600BD9476 /* Main.storyboard */; };
		A7DA6D5A1B37D6E800BD9476 /* som.png in Resources */ = {isa = PBXBuildFile; fileRef = A7DA6D591B37D6E800BD9476 /* som.png */; };
		A7F007381B3DD3CE005B5113 /* bepidLogo.png in Resources */ = {isa = PBXBuildFile; fileRef = A7F007371B3DD3CE005B5113 /* bepidLogo.png */; };
		A7F0073A1B3DDC02005B5113 /* CreditosViewController.swift in Sources */ = {isa = PBXBuildFile; fileRef = A7F007391B3DDC02005B5113 /* CreditosViewController.swift */; };
		AFB7D27C1B363B0B0073C367 /* data.json in Resources */ = {isa = PBXBuildFile; fileRef = AFB7D27B1B363B0B0073C367 /* data.json */; };
		AFF4829D1B38A1B300EE4223 /* estrela.wav in Resources */ = {isa = PBXBuildFile; fileRef = AFF482941B38A1B300EE4223 /* estrela.wav */; };
		AFF4829E1B38A1B300EE4223 /* jump1.wav in Resources */ = {isa = PBXBuildFile; fileRef = AFF482951B38A1B300EE4223 /* jump1.wav */; };
		AFF4829F1B38A1B300EE4223 /* jump2.wav in Resources */ = {isa = PBXBuildFile; fileRef = AFF482961B38A1B300EE4223 /* jump2.wav */; };
		AFF482A11B38A1B300EE4223 /* jump4.wav in Resources */ = {isa = PBXBuildFile; fileRef = AFF482981B38A1B300EE4223 /* jump4.wav */; };
		AFF482A21B38A1B300EE4223 /* jump5.wav in Resources */ = {isa = PBXBuildFile; fileRef = AFF482991B38A1B300EE4223 /* jump5.wav */; };
		AFF482A31B38A1B300EE4223 /* jump6.wav in Resources */ = {isa = PBXBuildFile; fileRef = AFF4829A1B38A1B300EE4223 /* jump6.wav */; };
		AFF482A41B38A1B300EE4223 /* letra.wav in Resources */ = {isa = PBXBuildFile; fileRef = AFF4829B1B38A1B300EE4223 /* letra.wav */; };
		AFF482A51B38A1B300EE4223 /* steps.wav in Resources */ = {isa = PBXBuildFile; fileRef = AFF4829C1B38A1B300EE4223 /* steps.wav */; };
		CD09F5D31B3DCCDD0038AF6D /* Á.png in Resources */ = {isa = PBXBuildFile; fileRef = CD09F5D11B3DCCDD0038AF6D /* Á.png */; };
		CD09F5D41B3DCCDD0038AF6D /* G.png in Resources */ = {isa = PBXBuildFile; fileRef = CD09F5D21B3DCCDD0038AF6D /* G.png */; };
		CD15DF6B1B377A3700DC50BD /* vamos_amiguinhos.wav in Resources */ = {isa = PBXBuildFile; fileRef = CD15DF5F1B377A3700DC50BD /* vamos_amiguinhos.wav */; };
		CD15DF6C1B377A3700DC50BD /* agua.wav in Resources */ = {isa = PBXBuildFile; fileRef = CD15DF601B377A3700DC50BD /* agua.wav */; };
		CD15DF6D1B377A3700DC50BD /* calca.wav in Resources */ = {isa = PBXBuildFile; fileRef = CD15DF611B377A3700DC50BD /* calca.wav */; };
		CD15DF6E1B377A3700DC50BD /* carro.wav in Resources */ = {isa = PBXBuildFile; fileRef = CD15DF621B377A3700DC50BD /* carro.wav */; };
		CD15DF6F1B377A3700DC50BD /* casa.wav in Resources */ = {isa = PBXBuildFile; fileRef = CD15DF631B377A3700DC50BD /* casa.wav */; };
		CD15DF701B377A3700DC50BD /* cenoura.wav in Resources */ = {isa = PBXBuildFile; fileRef = CD15DF641B377A3700DC50BD /* cenoura.wav */; };
		CD15DF711B377A3700DC50BD /* chuva.wav in Resources */ = {isa = PBXBuildFile; fileRef = CD15DF651B377A3700DC50BD /* chuva.wav */; };
		CD15DF721B377A3700DC50BD /* eu_sou_o_alfa.wav in Resources */ = {isa = PBXBuildFile; fileRef = CD15DF661B377A3700DC50BD /* eu_sou_o_alfa.wav */; };
		CD15DF731B377A3700DC50BD /* eu_sou_o_alfa2.wav in Resources */ = {isa = PBXBuildFile; fileRef = CD15DF671B377A3700DC50BD /* eu_sou_o_alfa2.wav */; };
		CD15DF741B377A3700DC50BD /* hospital.wav in Resources */ = {isa = PBXBuildFile; fileRef = CD15DF681B377A3700DC50BD /* hospital.wav */; };
		CD15DF751B377A3700DC50BD /* olho.wav in Resources */ = {isa = PBXBuildFile; fileRef = CD15DF691B377A3700DC50BD /* olho.wav */; };
		CD15DF761B377A3700DC50BD /* vamos_la.wav in Resources */ = {isa = PBXBuildFile; fileRef = CD15DF6A1B377A3700DC50BD /* vamos_la.wav */; };
		CD4B9C941B30A03100C307C2 /* 6.png in Resources */ = {isa = PBXBuildFile; fileRef = CD4B9C931B30A03100C307C2 /* 6.png */; };
		CD4B9C961B30A27000C307C2 /* 7.png in Resources */ = {isa = PBXBuildFile; fileRef = CD4B9C951B30A27000C307C2 /* 7.png */; };
		CD6A5A951B34896600C9E48C /* estrela.png in Resources */ = {isa = PBXBuildFile; fileRef = CD6A5A941B34896600C9E48C /* estrela.png */; };
		CD6A5A971B34AAE400C9E48C /* volume.png in Resources */ = {isa = PBXBuildFile; fileRef = CD6A5A961B34AAE400C9E48C /* volume.png */; };
		CD6A5A991B34ADB000C9E48C /* x.gif in Resources */ = {isa = PBXBuildFile; fileRef = CD6A5A981B34ADB000C9E48C /* x.gif */; };
		CD6A5A9D1B34BA7A00C9E48C /* Mask.png in Resources */ = {isa = PBXBuildFile; fileRef = CD6A5A9C1B34BA7A00C9E48C /* Mask.png */; };
		CD6A5A9F1B34BD4000C9E48C /* background.jpg in Resources */ = {isa = PBXBuildFile; fileRef = CD6A5A9E1B34BD4000C9E48C /* background.jpg */; };
		CD8BFA5B1B2A1A4500FB3356 /* AppDelegate.swift in Sources */ = {isa = PBXBuildFile; fileRef = CD8BFA5A1B2A1A4500FB3356 /* AppDelegate.swift */; };
		CD8BFA5D1B2A1A4500FB3356 /* GameScene.sks in Resources */ = {isa = PBXBuildFile; fileRef = CD8BFA5C1B2A1A4500FB3356 /* GameScene.sks */; };
		CD8BFA5F1B2A1A4500FB3356 /* GameScene.swift in Sources */ = {isa = PBXBuildFile; fileRef = CD8BFA5E1B2A1A4500FB3356 /* GameScene.swift */; };
		CD8BFA611B2A1A4500FB3356 /* GameViewController.swift in Sources */ = {isa = PBXBuildFile; fileRef = CD8BFA601B2A1A4500FB3356 /* GameViewController.swift */; };
		CD8BFA661B2A1A4500FB3356 /* Images.xcassets in Resources */ = {isa = PBXBuildFile; fileRef = CD8BFA651B2A1A4500FB3356 /* Images.xcassets */; };
		CD8BFA691B2A1A4500FB3356 /* LaunchScreen.xib in Resources */ = {isa = PBXBuildFile; fileRef = CD8BFA671B2A1A4500FB3356 /* LaunchScreen.xib */; };
		CD8BFA751B2A1A4500FB3356 /* Rock_BoxTests.swift in Sources */ = {isa = PBXBuildFile; fileRef = CD8BFA741B2A1A4500FB3356 /* Rock_BoxTests.swift */; };
		CD8BFA7F1B2A1BD800FB3356 /* star.png in Resources */ = {isa = PBXBuildFile; fileRef = CD8BFA7E1B2A1BD800FB3356 /* star.png */; };
		CD8BFA811B2A1BFF00FB3356 /* SpriteNode.swift in Sources */ = {isa = PBXBuildFile; fileRef = CD8BFA801B2A1BFF00FB3356 /* SpriteNode.swift */; };
		CD8BFAB71B2B451300FB3356 /* 2.png in Resources */ = {isa = PBXBuildFile; fileRef = CD8BFAB61B2B451300FB3356 /* 2.png */; };
		CD8BFAB91B2B57C600FB3356 /* 3.png in Resources */ = {isa = PBXBuildFile; fileRef = CD8BFAB81B2B57C600FB3356 /* 3.png */; };
		CD8BFABB1B2B594600FB3356 /* 4.png in Resources */ = {isa = PBXBuildFile; fileRef = CD8BFABA1B2B594600FB3356 /* 4.png */; };
		CD9A5FD91B2B635F0043415D /* 5.png in Resources */ = {isa = PBXBuildFile; fileRef = CD9A5FD81B2B635F0043415D /* 5.png */; };
		CD9D6C8A1B38A54F002AD6ED /* estrela_3.png in Resources */ = {isa = PBXBuildFile; fileRef = CD9D6C871B38A54F002AD6ED /* estrela_3.png */; };
		CD9D6C8B1B38A54F002AD6ED /* estrela_2.png in Resources */ = {isa = PBXBuildFile; fileRef = CD9D6C881B38A54F002AD6ED /* estrela_2.png */; };
		CD9D6C8C1B38A54F002AD6ED /* estrela_1.png in Resources */ = {isa = PBXBuildFile; fileRef = CD9D6C891B38A54F002AD6ED /* estrela_1.png */; };
		CDD6919F1B37082F002A64C7 /* spark.png in Resources */ = {isa = PBXBuildFile; fileRef = CDD6919B1B37082F002A64C7 /* spark.png */; };
		CDD691A01B37082F002A64C7 /* azul.sks in Resources */ = {isa = PBXBuildFile; fileRef = CDD6919C1B37082F002A64C7 /* azul.sks */; };
		CDD691A11B37082F002A64C7 /* vermelho.sks in Resources */ = {isa = PBXBuildFile; fileRef = CDD6919D1B37082F002A64C7 /* vermelho.sks */; };
		CDD691A21B37082F002A64C7 /* verde.sks in Resources */ = {isa = PBXBuildFile; fileRef = CDD6919E1B37082F002A64C7 /* verde.sks */; };
		CDD691A51B371557002A64C7 /* stars.sks in Resources */ = {isa = PBXBuildFile; fileRef = CDD691A41B371557002A64C7 /* stars.sks */; };
		CDD691AE1B373F1D002A64C7 /* planetavermelho.png in Resources */ = {isa = PBXBuildFile; fileRef = CDD691AD1B373F1D002A64C7 /* planetavermelho.png */; };
		CDD691B01B373F21002A64C7 /* planetaazul.png in Resources */ = {isa = PBXBuildFile; fileRef = CDD691AF1B373F21002A64C7 /* planetaazul.png */; };
		CDD691B21B373F25002A64C7 /* planetaverde.png in Resources */ = {isa = PBXBuildFile; fileRef = CDD691B11B373F25002A64C7 /* planetaverde.png */; };
		CDD691C21B374610002A64C7 /* Personagem_voando_1.png in Resources */ = {isa = PBXBuildFile; fileRef = CDD691BE1B374610002A64C7 /* Personagem_voando_1.png */; };
		CDD691C31B374610002A64C7 /* Personagem_voando_2.png in Resources */ = {isa = PBXBuildFile; fileRef = CDD691BF1B374610002A64C7 /* Personagem_voando_2.png */; };
		CDD691C41B374610002A64C7 /* Personagem_voando_3.png in Resources */ = {isa = PBXBuildFile; fileRef = CDD691C01B374610002A64C7 /* Personagem_voando_3.png */; };
		CDD691C51B374610002A64C7 /* Personagem_voando_4.png in Resources */ = {isa = PBXBuildFile; fileRef = CDD691C11B374610002A64C7 /* Personagem_voando_4.png */; };
		CDD691C91B374D17002A64C7 /* Personagem_feliz_1.png in Resources */ = {isa = PBXBuildFile; fileRef = CDD691C71B374D17002A64C7 /* Personagem_feliz_1.png */; };
		CDD691CA1B374D17002A64C7 /* Personagem_feliz_2.png in Resources */ = {isa = PBXBuildFile; fileRef = CDD691C81B374D17002A64C7 /* Personagem_feliz_2.png */; };
		CDD691D31B374F38002A64C7 /* Personagem_pulando_1.png in Resources */ = {isa = PBXBuildFile; fileRef = CDD691CC1B374F38002A64C7 /* Personagem_pulando_1.png */; };
		CDD691D41B374F38002A64C7 /* Personagem_pulando_2.png in Resources */ = {isa = PBXBuildFile; fileRef = CDD691CD1B374F38002A64C7 /* Personagem_pulando_2.png */; };
		CDD691D51B374F38002A64C7 /* Personagem_pulando_3.png in Resources */ = {isa = PBXBuildFile; fileRef = CDD691CE1B374F38002A64C7 /* Personagem_pulando_3.png */; };
		CDD691D61B374F38002A64C7 /* Personagem_pulando_4.png in Resources */ = {isa = PBXBuildFile; fileRef = CDD691CF1B374F38002A64C7 /* Personagem_pulando_4.png */; };
		CDD691D71B374F38002A64C7 /* Personagem_pulando_5.png in Resources */ = {isa = PBXBuildFile; fileRef = CDD691D01B374F38002A64C7 /* Personagem_pulando_5.png */; };
		CDD691D81B374F38002A64C7 /* Personagem_pulando_6.png in Resources */ = {isa = PBXBuildFile; fileRef = CDD691D11B374F38002A64C7 /* Personagem_pulando_6.png */; };
		CDD691D91B374F38002A64C7 /* Personagem_pulando_7.png in Resources */ = {isa = PBXBuildFile; fileRef = CDD691D21B374F38002A64C7 /* Personagem_pulando_7.png */; };
/* End PBXBuildFile section */

/* Begin PBXContainerItemProxy section */
		CD8BFA6F1B2A1A4500FB3356 /* PBXContainerItemProxy */ = {
			isa = PBXContainerItemProxy;
			containerPortal = CD8BFA4D1B2A1A4500FB3356 /* Project object */;
			proxyType = 1;
			remoteGlobalIDString = CD8BFA541B2A1A4500FB3356;
			remoteInfo = "Rock Box";
		};
/* End PBXContainerItemProxy section */

/* Begin PBXFileReference section */
		1A8B7F901B365E5C00315FF3 /* FimDaFaseScene.swift */ = {isa = PBXFileReference; fileEncoding = 4; lastKnownFileType = sourcecode.swift; path = FimDaFaseScene.swift; sourceTree = "<group>"; };
		1ADD85871B375FD100E26261 /* Line.png */ = {isa = PBXFileReference; lastKnownFileType = image.png; path = Line.png; sourceTree = "<group>"; };
		1ADD85891B376E0300E26261 /* sound copy.png */ = {isa = PBXFileReference; lastKnownFileType = image.png; path = "sound copy.png"; sourceTree = "<group>"; };
		1ADD858B1B3770FC00E26261 /* estrelaApagada.png */ = {isa = PBXFileReference; lastKnownFileType = image.png; path = estrelaApagada.png; sourceTree = "<group>"; };
		1ADD85971B37812500E26261 /* fases.png */ = {isa = PBXFileReference; lastKnownFileType = image.png; path = fases.png; sourceTree = "<group>"; };
		1ADD85991B37812F00E26261 /* fecharJanela.png */ = {isa = PBXFileReference; lastKnownFileType = image.png; path = fecharJanela.png; sourceTree = "<group>"; };
		1ADD859B1B37813700E26261 /* JogarNovamente.png */ = {isa = PBXFileReference; lastKnownFileType = image.png; path = JogarNovamente.png; sourceTree = "<group>"; };
		1ADD859D1B37813E00E26261 /* prosseguir.png */ = {isa = PBXFileReference; lastKnownFileType = image.png; path = prosseguir.png; sourceTree = "<group>"; };
		1ADD859F1B37814800E26261 /* fundoDoHud.png */ = {isa = PBXFileReference; lastKnownFileType = image.png; path = fundoDoHud.png; sourceTree = "<group>"; };
		1ADD85A11B37815400E26261 /* janela1.png */ = {isa = PBXFileReference; lastKnownFileType = image.png; path = janela1.png; sourceTree = "<group>"; };
		1ADD85DD1B37995500E26261 /* A.png */ = {isa = PBXFileReference; lastKnownFileType = image.png; path = A.png; sourceTree = "<group>"; };
		1ADD85DE1B37995500E26261 /* B.png */ = {isa = PBXFileReference; lastKnownFileType = image.png; path = B.png; sourceTree = "<group>"; };
		1ADD85DF1B37995500E26261 /* C.png */ = {isa = PBXFileReference; lastKnownFileType = image.png; path = C.png; sourceTree = "<group>"; };
		1ADD85E01B37995500E26261 /* Ç.png */ = {isa = PBXFileReference; lastKnownFileType = image.png; path = "Ç.png"; sourceTree = "<group>"; };
		1ADD85E11B37995500E26261 /* D.png */ = {isa = PBXFileReference; lastKnownFileType = image.png; path = D.png; sourceTree = "<group>"; };
		1ADD85E21B37995500E26261 /* E.png */ = {isa = PBXFileReference; lastKnownFileType = image.png; path = E.png; sourceTree = "<group>"; };
		1ADD85E31B37995500E26261 /* F.png */ = {isa = PBXFileReference; lastKnownFileType = image.png; path = F.png; sourceTree = "<group>"; };
		1ADD85E51B37995500E26261 /* H.png */ = {isa = PBXFileReference; lastKnownFileType = image.png; path = H.png; sourceTree = "<group>"; };
		1ADD85E61B37995500E26261 /* I.png */ = {isa = PBXFileReference; lastKnownFileType = image.png; path = I.png; sourceTree = "<group>"; };
		1ADD85E71B37995500E26261 /* J.png */ = {isa = PBXFileReference; lastKnownFileType = image.png; path = J.png; sourceTree = "<group>"; };
		1ADD85E81B37995500E26261 /* K.png */ = {isa = PBXFileReference; lastKnownFileType = image.png; path = K.png; sourceTree = "<group>"; };
		1ADD85E91B37995500E26261 /* L.png */ = {isa = PBXFileReference; lastKnownFileType = image.png; path = L.png; sourceTree = "<group>"; };
		1ADD85EA1B37995500E26261 /* M.png */ = {isa = PBXFileReference; lastKnownFileType = image.png; path = M.png; sourceTree = "<group>"; };
		1ADD85EB1B37995500E26261 /* N.png */ = {isa = PBXFileReference; lastKnownFileType = image.png; path = N.png; sourceTree = "<group>"; };
		1ADD85EC1B37995500E26261 /* O.png */ = {isa = PBXFileReference; lastKnownFileType = image.png; path = O.png; sourceTree = "<group>"; };
		1ADD85ED1B37995500E26261 /* P.png */ = {isa = PBXFileReference; lastKnownFileType = image.png; path = P.png; sourceTree = "<group>"; };
		1ADD85EE1B37995500E26261 /* Q.png */ = {isa = PBXFileReference; lastKnownFileType = image.png; path = Q.png; sourceTree = "<group>"; };
		1ADD85EF1B37995500E26261 /* R.png */ = {isa = PBXFileReference; lastKnownFileType = image.png; path = R.png; sourceTree = "<group>"; };
		1ADD85F01B37995500E26261 /* S.png */ = {isa = PBXFileReference; lastKnownFileType = image.png; path = S.png; sourceTree = "<group>"; };
		1ADD85F11B37995500E26261 /* T.png */ = {isa = PBXFileReference; lastKnownFileType = image.png; path = T.png; sourceTree = "<group>"; };
		1ADD85F21B37995500E26261 /* U.png */ = {isa = PBXFileReference; lastKnownFileType = image.png; path = U.png; sourceTree = "<group>"; };
		1ADD85F31B37995500E26261 /* V.png */ = {isa = PBXFileReference; lastKnownFileType = image.png; path = V.png; sourceTree = "<group>"; };
		1ADD85F41B37995500E26261 /* W.png */ = {isa = PBXFileReference; lastKnownFileType = image.png; path = W.png; sourceTree = "<group>"; };
		1ADD85F51B37995500E26261 /* X.png */ = {isa = PBXFileReference; lastKnownFileType = image.png; path = X.png; sourceTree = "<group>"; };
		1ADD85F61B37995500E26261 /* Y.png */ = {isa = PBXFileReference; lastKnownFileType = image.png; path = Y.png; sourceTree = "<group>"; };
		1ADD85F71B37995500E26261 /* Z.png */ = {isa = PBXFileReference; lastKnownFileType = image.png; path = Z.png; sourceTree = "<group>"; };
		1ADD86141B37BDF600E26261 /* Agua.png */ = {isa = PBXFileReference; lastKnownFileType = image.png; path = Agua.png; sourceTree = "<group>"; };
		1ADD86151B37BDF600E26261 /* Calça.png */ = {isa = PBXFileReference; lastKnownFileType = image.png; path = "Calça.png"; sourceTree = "<group>"; };
		1ADD86161B37BDF600E26261 /* ccarro.png */ = {isa = PBXFileReference; lastKnownFileType = image.png; path = ccarro.png; sourceTree = "<group>"; };
		1ADD86171B37BDF600E26261 /* Casa.png */ = {isa = PBXFileReference; lastKnownFileType = image.png; path = Casa.png; sourceTree = "<group>"; };
		1ADD86181B37BDF600E26261 /* Cenoura.png */ = {isa = PBXFileReference; lastKnownFileType = image.png; path = Cenoura.png; sourceTree = "<group>"; };
		1ADD86191B37BDF600E26261 /* Chuva.png */ = {isa = PBXFileReference; lastKnownFileType = image.png; path = Chuva.png; sourceTree = "<group>"; };
		1ADD861A1B37BDF600E26261 /* Hospital.png */ = {isa = PBXFileReference; lastKnownFileType = image.png; path = Hospital.png; sourceTree = "<group>"; };
		1ADD861B1B37BDF600E26261 /* Olho.png */ = {isa = PBXFileReference; lastKnownFileType = image.png; path = Olho.png; sourceTree = "<group>"; };
		1ADFB1D01B38C60100A05137 /* janela2.png */ = {isa = PBXFileReference; lastKnownFileType = image.png; path = janela2.png; sourceTree = "<group>"; };
		1AE01D501B39D99C0052BD17 /* planetaCinza.png */ = {isa = PBXFileReference; lastKnownFileType = image.png; path = planetaCinza.png; sourceTree = "<group>"; };
		1AE4A36D1B3371DA00C21087 /* DataManager.swift */ = {isa = PBXFileReference; fileEncoding = 4; lastKnownFileType = sourcecode.swift; path = DataManager.swift; sourceTree = "<group>"; };
		1AE4A3711B3387E900C21087 /* EscolhaDaFaseViewController.swift */ = {isa = PBXFileReference; fileEncoding = 4; lastKnownFileType = sourcecode.swift; path = EscolhaDaFaseViewController.swift; sourceTree = "<group>"; };
		A75C33EC1B37B6BD005FF4FD /* logo.jpg */ = {isa = PBXFileReference; lastKnownFileType = image.jpeg; path = logo.jpg; sourceTree = "<group>"; };
		A7DA6D3B1B37C72C00BD9476 /* number5.png */ = {isa = PBXFileReference; lastKnownFileType = image.png; path = number5.png; sourceTree = "<group>"; };
		A7DA6D3C1B37C72C00BD9476 /* number1.png */ = {isa = PBXFileReference; lastKnownFileType = image.png; path = number1.png; sourceTree = "<group>"; };
		A7DA6D3D1B37C72C00BD9476 /* number8.png */ = {isa = PBXFileReference; lastKnownFileType = image.png; path = number8.png; sourceTree = "<group>"; };
		A7DA6D3E1B37C72C00BD9476 /* number6.png */ = {isa = PBXFileReference; lastKnownFileType = image.png; path = number6.png; sourceTree = "<group>"; };
		A7DA6D3F1B37C72C00BD9476 /* number7.png */ = {isa = PBXFileReference; lastKnownFileType = image.png; path = number7.png; sourceTree = "<group>"; };
		A7DA6D401B37C72C00BD9476 /* number9.png */ = {isa = PBXFileReference; lastKnownFileType = image.png; path = number9.png; sourceTree = "<group>"; };
		A7DA6D411B37C72C00BD9476 /* number2.png */ = {isa = PBXFileReference; lastKnownFileType = image.png; path = number2.png; sourceTree = "<group>"; };
		A7DA6D421B37C72C00BD9476 /* number3.png */ = {isa = PBXFileReference; lastKnownFileType = image.png; path = number3.png; sourceTree = "<group>"; };
		A7DA6D431B37C72C00BD9476 /* number4.png */ = {isa = PBXFileReference; lastKnownFileType = image.png; path = number4.png; sourceTree = "<group>"; };
		A7DA6D4D1B37C9FE00BD9476 /* InitialViewController.swift */ = {isa = PBXFileReference; fileEncoding = 4; lastKnownFileType = sourcecode.swift; path = InitialViewController.swift; sourceTree = "<group>"; };
		A7DA6D4F1B37CCAA00BD9476 /* ambiente.mp3 */ = {isa = PBXFileReference; lastKnownFileType = audio.mp3; path = ambiente.mp3; sourceTree = "<group>"; };
		A7DA6D501B37CCAA00BD9476 /* menu.mp3 */ = {isa = PBXFileReference; lastKnownFileType = audio.mp3; path = menu.mp3; sourceTree = "<group>"; };
		A7DA6D511B37CCAA00BD9476 /* vitoria.mp3.mp3 */ = {isa = PBXFileReference; lastKnownFileType = audio.mp3; path = vitoria.mp3.mp3; sourceTree = "<group>"; };
		A7DA6D571B37D68600BD9476 /* Main.storyboard */ = {isa = PBXFileReference; fileEncoding = 4; lastKnownFileType = file.storyboard; path = Main.storyboard; sourceTree = "<group>"; };
		A7DA6D591B37D6E800BD9476 /* som.png */ = {isa = PBXFileReference; lastKnownFileType = image.png; path = som.png; sourceTree = "<group>"; };
		A7F007371B3DD3CE005B5113 /* bepidLogo.png */ = {isa = PBXFileReference; lastKnownFileType = image.png; path = bepidLogo.png; sourceTree = "<group>"; };
		A7F007391B3DDC02005B5113 /* CreditosViewController.swift */ = {isa = PBXFileReference; fileEncoding = 4; lastKnownFileType = sourcecode.swift; name = CreditosViewController.swift; path = ../CreditosViewController.swift; sourceTree = "<group>"; };
		AFB7D27B1B363B0B0073C367 /* data.json */ = {isa = PBXFileReference; fileEncoding = 4; lastKnownFileType = text.json; path = data.json; sourceTree = "<group>"; };
		AFF482941B38A1B300EE4223 /* estrela.wav */ = {isa = PBXFileReference; lastKnownFileType = audio.wav; path = estrela.wav; sourceTree = "<group>"; };
		AFF482951B38A1B300EE4223 /* jump1.wav */ = {isa = PBXFileReference; lastKnownFileType = audio.wav; path = jump1.wav; sourceTree = "<group>"; };
		AFF482961B38A1B300EE4223 /* jump2.wav */ = {isa = PBXFileReference; lastKnownFileType = audio.wav; path = jump2.wav; sourceTree = "<group>"; };
		AFF482971B38A1B300EE4223 /* jump3.wav */ = {isa = PBXFileReference; lastKnownFileType = audio.wav; path = jump3.wav; sourceTree = "<group>"; };
		AFF482981B38A1B300EE4223 /* jump4.wav */ = {isa = PBXFileReference; lastKnownFileType = audio.wav; path = jump4.wav; sourceTree = "<group>"; };
		AFF482991B38A1B300EE4223 /* jump5.wav */ = {isa = PBXFileReference; lastKnownFileType = audio.wav; path = jump5.wav; sourceTree = "<group>"; };
		AFF4829A1B38A1B300EE4223 /* jump6.wav */ = {isa = PBXFileReference; lastKnownFileType = audio.wav; path = jump6.wav; sourceTree = "<group>"; };
		AFF4829B1B38A1B300EE4223 /* letra.wav */ = {isa = PBXFileReference; lastKnownFileType = audio.wav; path = letra.wav; sourceTree = "<group>"; };
		AFF4829C1B38A1B300EE4223 /* steps.wav */ = {isa = PBXFileReference; lastKnownFileType = audio.wav; path = steps.wav; sourceTree = "<group>"; };
		CD09F5D11B3DCCDD0038AF6D /* Á.png */ = {isa = PBXFileReference; lastKnownFileType = image.png; path = "Á.png"; sourceTree = "<group>"; };
		CD09F5D21B3DCCDD0038AF6D /* G.png */ = {isa = PBXFileReference; lastKnownFileType = image.png; path = G.png; sourceTree = "<group>"; };
		CD15DF5F1B377A3700DC50BD /* vamos_amiguinhos.wav */ = {isa = PBXFileReference; lastKnownFileType = audio.wav; path = vamos_amiguinhos.wav; sourceTree = "<group>"; };
		CD15DF601B377A3700DC50BD /* agua.wav */ = {isa = PBXFileReference; lastKnownFileType = audio.wav; path = agua.wav; sourceTree = "<group>"; };
		CD15DF611B377A3700DC50BD /* calca.wav */ = {isa = PBXFileReference; lastKnownFileType = audio.wav; path = calca.wav; sourceTree = "<group>"; };
		CD15DF621B377A3700DC50BD /* carro.wav */ = {isa = PBXFileReference; lastKnownFileType = audio.wav; path = carro.wav; sourceTree = "<group>"; };
		CD15DF631B377A3700DC50BD /* casa.wav */ = {isa = PBXFileReference; lastKnownFileType = audio.wav; path = casa.wav; sourceTree = "<group>"; };
		CD15DF641B377A3700DC50BD /* cenoura.wav */ = {isa = PBXFileReference; lastKnownFileType = audio.wav; path = cenoura.wav; sourceTree = "<group>"; };
		CD15DF651B377A3700DC50BD /* chuva.wav */ = {isa = PBXFileReference; lastKnownFileType = audio.wav; path = chuva.wav; sourceTree = "<group>"; };
		CD15DF661B377A3700DC50BD /* eu_sou_o_alfa.wav */ = {isa = PBXFileReference; lastKnownFileType = audio.wav; path = eu_sou_o_alfa.wav; sourceTree = "<group>"; };
		CD15DF671B377A3700DC50BD /* eu_sou_o_alfa2.wav */ = {isa = PBXFileReference; lastKnownFileType = audio.wav; path = eu_sou_o_alfa2.wav; sourceTree = "<group>"; };
		CD15DF681B377A3700DC50BD /* hospital.wav */ = {isa = PBXFileReference; lastKnownFileType = audio.wav; path = hospital.wav; sourceTree = "<group>"; };
		CD15DF691B377A3700DC50BD /* olho.wav */ = {isa = PBXFileReference; lastKnownFileType = audio.wav; path = olho.wav; sourceTree = "<group>"; };
		CD15DF6A1B377A3700DC50BD /* vamos_la.wav */ = {isa = PBXFileReference; lastKnownFileType = audio.wav; path = vamos_la.wav; sourceTree = "<group>"; };
		CD4B9C931B30A03100C307C2 /* 6.png */ = {isa = PBXFileReference; lastKnownFileType = image.png; path = 6.png; sourceTree = "<group>"; };
		CD4B9C951B30A27000C307C2 /* 7.png */ = {isa = PBXFileReference; lastKnownFileType = image.png; path = 7.png; sourceTree = "<group>"; };
		CD6A5A941B34896600C9E48C /* estrela.png */ = {isa = PBXFileReference; lastKnownFileType = image.png; path = estrela.png; sourceTree = "<group>"; };
		CD6A5A961B34AAE400C9E48C /* volume.png */ = {isa = PBXFileReference; lastKnownFileType = image.png; path = volume.png; sourceTree = "<group>"; };
		CD6A5A981B34ADB000C9E48C /* x.gif */ = {isa = PBXFileReference; lastKnownFileType = image.gif; path = x.gif; sourceTree = "<group>"; };
		CD6A5A9C1B34BA7A00C9E48C /* Mask.png */ = {isa = PBXFileReference; lastKnownFileType = image.png; path = Mask.png; sourceTree = "<group>"; };
		CD6A5A9E1B34BD4000C9E48C /* background.jpg */ = {isa = PBXFileReference; lastKnownFileType = image.jpeg; path = background.jpg; sourceTree = "<group>"; };
		CD8BFA551B2A1A4500FB3356 /* Rock Box.app */ = {isa = PBXFileReference; explicitFileType = wrapper.application; includeInIndex = 0; path = "Rock Box.app"; sourceTree = BUILT_PRODUCTS_DIR; };
		CD8BFA591B2A1A4500FB3356 /* Info.plist */ = {isa = PBXFileReference; lastKnownFileType = text.plist.xml; path = Info.plist; sourceTree = "<group>"; };
		CD8BFA5A1B2A1A4500FB3356 /* AppDelegate.swift */ = {isa = PBXFileReference; lastKnownFileType = sourcecode.swift; path = AppDelegate.swift; sourceTree = "<group>"; };
		CD8BFA5C1B2A1A4500FB3356 /* GameScene.sks */ = {isa = PBXFileReference; lastKnownFileType = file.sks; path = GameScene.sks; sourceTree = "<group>"; };
		CD8BFA5E1B2A1A4500FB3356 /* GameScene.swift */ = {isa = PBXFileReference; lastKnownFileType = sourcecode.swift; path = GameScene.swift; sourceTree = "<group>"; };
		CD8BFA601B2A1A4500FB3356 /* GameViewController.swift */ = {isa = PBXFileReference; lastKnownFileType = sourcecode.swift; path = GameViewController.swift; sourceTree = "<group>"; };
		CD8BFA651B2A1A4500FB3356 /* Images.xcassets */ = {isa = PBXFileReference; lastKnownFileType = folder.assetcatalog; path = Images.xcassets; sourceTree = "<group>"; };
		CD8BFA681B2A1A4500FB3356 /* Base */ = {isa = PBXFileReference; lastKnownFileType = file.xib; name = Base; path = Base.lproj/LaunchScreen.xib; sourceTree = "<group>"; };
		CD8BFA6E1B2A1A4500FB3356 /* Rock BoxTests.xctest */ = {isa = PBXFileReference; explicitFileType = wrapper.cfbundle; includeInIndex = 0; path = "Rock BoxTests.xctest"; sourceTree = BUILT_PRODUCTS_DIR; };
		CD8BFA731B2A1A4500FB3356 /* Info.plist */ = {isa = PBXFileReference; lastKnownFileType = text.plist.xml; path = Info.plist; sourceTree = "<group>"; };
		CD8BFA741B2A1A4500FB3356 /* Rock_BoxTests.swift */ = {isa = PBXFileReference; lastKnownFileType = sourcecode.swift; path = Rock_BoxTests.swift; sourceTree = "<group>"; };
		CD8BFA7E1B2A1BD800FB3356 /* star.png */ = {isa = PBXFileReference; lastKnownFileType = image.png; path = star.png; sourceTree = "<group>"; };
		CD8BFA801B2A1BFF00FB3356 /* SpriteNode.swift */ = {isa = PBXFileReference; fileEncoding = 4; lastKnownFileType = sourcecode.swift; path = SpriteNode.swift; sourceTree = "<group>"; };
		CD8BFAB61B2B451300FB3356 /* 2.png */ = {isa = PBXFileReference; lastKnownFileType = image.png; path = 2.png; sourceTree = "<group>"; };
		CD8BFAB81B2B57C600FB3356 /* 3.png */ = {isa = PBXFileReference; lastKnownFileType = image.png; path = 3.png; sourceTree = "<group>"; };
		CD8BFABA1B2B594600FB3356 /* 4.png */ = {isa = PBXFileReference; lastKnownFileType = image.png; path = 4.png; sourceTree = "<group>"; };
		CD9A5FD81B2B635F0043415D /* 5.png */ = {isa = PBXFileReference; lastKnownFileType = image.png; path = 5.png; sourceTree = "<group>"; };
		CD9D6C871B38A54F002AD6ED /* estrela_3.png */ = {isa = PBXFileReference; lastKnownFileType = image.png; path = estrela_3.png; sourceTree = "<group>"; };
		CD9D6C881B38A54F002AD6ED /* estrela_2.png */ = {isa = PBXFileReference; lastKnownFileType = image.png; path = estrela_2.png; sourceTree = "<group>"; };
		CD9D6C891B38A54F002AD6ED /* estrela_1.png */ = {isa = PBXFileReference; lastKnownFileType = image.png; path = estrela_1.png; sourceTree = "<group>"; };
		CDD6919B1B37082F002A64C7 /* spark.png */ = {isa = PBXFileReference; lastKnownFileType = image.png; path = spark.png; sourceTree = "<group>"; };
		CDD6919C1B37082F002A64C7 /* azul.sks */ = {isa = PBXFileReference; lastKnownFileType = file.sks; path = azul.sks; sourceTree = "<group>"; };
		CDD6919D1B37082F002A64C7 /* vermelho.sks */ = {isa = PBXFileReference; lastKnownFileType = file.sks; path = vermelho.sks; sourceTree = "<group>"; };
		CDD6919E1B37082F002A64C7 /* verde.sks */ = {isa = PBXFileReference; lastKnownFileType = file.sks; path = verde.sks; sourceTree = "<group>"; };
		CDD691A41B371557002A64C7 /* stars.sks */ = {isa = PBXFileReference; lastKnownFileType = file.sks; path = stars.sks; sourceTree = "<group>"; };
		CDD691AD1B373F1D002A64C7 /* planetavermelho.png */ = {isa = PBXFileReference; lastKnownFileType = image.png; path = planetavermelho.png; sourceTree = "<group>"; };
		CDD691AF1B373F21002A64C7 /* planetaazul.png */ = {isa = PBXFileReference; lastKnownFileType = image.png; path = planetaazul.png; sourceTree = "<group>"; };
		CDD691B11B373F25002A64C7 /* planetaverde.png */ = {isa = PBXFileReference; lastKnownFileType = image.png; path = planetaverde.png; sourceTree = "<group>"; };
		CDD691BE1B374610002A64C7 /* Personagem_voando_1.png */ = {isa = PBXFileReference; lastKnownFileType = image.png; path = Personagem_voando_1.png; sourceTree = "<group>"; };
		CDD691BF1B374610002A64C7 /* Personagem_voando_2.png */ = {isa = PBXFileReference; lastKnownFileType = image.png; path = Personagem_voando_2.png; sourceTree = "<group>"; };
		CDD691C01B374610002A64C7 /* Personagem_voando_3.png */ = {isa = PBXFileReference; lastKnownFileType = image.png; path = Personagem_voando_3.png; sourceTree = "<group>"; };
		CDD691C11B374610002A64C7 /* Personagem_voando_4.png */ = {isa = PBXFileReference; lastKnownFileType = image.png; path = Personagem_voando_4.png; sourceTree = "<group>"; };
		CDD691C71B374D17002A64C7 /* Personagem_feliz_1.png */ = {isa = PBXFileReference; lastKnownFileType = image.png; path = Personagem_feliz_1.png; sourceTree = "<group>"; };
		CDD691C81B374D17002A64C7 /* Personagem_feliz_2.png */ = {isa = PBXFileReference; lastKnownFileType = image.png; path = Personagem_feliz_2.png; sourceTree = "<group>"; };
		CDD691CC1B374F38002A64C7 /* Personagem_pulando_1.png */ = {isa = PBXFileReference; lastKnownFileType = image.png; path = Personagem_pulando_1.png; sourceTree = "<group>"; };
		CDD691CD1B374F38002A64C7 /* Personagem_pulando_2.png */ = {isa = PBXFileReference; lastKnownFileType = image.png; path = Personagem_pulando_2.png; sourceTree = "<group>"; };
		CDD691CE1B374F38002A64C7 /* Personagem_pulando_3.png */ = {isa = PBXFileReference; lastKnownFileType = image.png; path = Personagem_pulando_3.png; sourceTree = "<group>"; };
		CDD691CF1B374F38002A64C7 /* Personagem_pulando_4.png */ = {isa = PBXFileReference; lastKnownFileType = image.png; path = Personagem_pulando_4.png; sourceTree = "<group>"; };
		CDD691D01B374F38002A64C7 /* Personagem_pulando_5.png */ = {isa = PBXFileReference; lastKnownFileType = image.png; path = Personagem_pulando_5.png; sourceTree = "<group>"; };
		CDD691D11B374F38002A64C7 /* Personagem_pulando_6.png */ = {isa = PBXFileReference; lastKnownFileType = image.png; path = Personagem_pulando_6.png; sourceTree = "<group>"; };
		CDD691D21B374F38002A64C7 /* Personagem_pulando_7.png */ = {isa = PBXFileReference; lastKnownFileType = image.png; path = Personagem_pulando_7.png; sourceTree = "<group>"; };
/* End PBXFileReference section */

/* Begin PBXFrameworksBuildPhase section */
		CD8BFA521B2A1A4500FB3356 /* Frameworks */ = {
			isa = PBXFrameworksBuildPhase;
			buildActionMask = 2147483647;
			files = (
			);
			runOnlyForDeploymentPostprocessing = 0;
		};
		CD8BFA6B1B2A1A4500FB3356 /* Frameworks */ = {
			isa = PBXFrameworksBuildPhase;
			buildActionMask = 2147483647;
			files = (
			);
			runOnlyForDeploymentPostprocessing = 0;
		};
/* End PBXFrameworksBuildPhase section */

/* Begin PBXGroup section */
		1ADD85DC1B37994000E26261 /* Letras */ = {
			isa = PBXGroup;
			children = (
				CD09F5D11B3DCCDD0038AF6D /* Á.png */,
				CD09F5D21B3DCCDD0038AF6D /* G.png */,
				1ADD85DD1B37995500E26261 /* A.png */,
				1ADD85DE1B37995500E26261 /* B.png */,
				1ADD85DF1B37995500E26261 /* C.png */,
				1ADD85E01B37995500E26261 /* Ç.png */,
				1ADD85E11B37995500E26261 /* D.png */,
				1ADD85E21B37995500E26261 /* E.png */,
				1ADD85E31B37995500E26261 /* F.png */,
				1ADD85E51B37995500E26261 /* H.png */,
				1ADD85E61B37995500E26261 /* I.png */,
				1ADD85E71B37995500E26261 /* J.png */,
				1ADD85E81B37995500E26261 /* K.png */,
				1ADD85E91B37995500E26261 /* L.png */,
				1ADD85EA1B37995500E26261 /* M.png */,
				1ADD85EB1B37995500E26261 /* N.png */,
				1ADD85EC1B37995500E26261 /* O.png */,
				1ADD85ED1B37995500E26261 /* P.png */,
				1ADD85EE1B37995500E26261 /* Q.png */,
				1ADD85EF1B37995500E26261 /* R.png */,
				1ADD85F01B37995500E26261 /* S.png */,
				1ADD85F11B37995500E26261 /* T.png */,
				1ADD85F21B37995500E26261 /* U.png */,
				1ADD85F31B37995500E26261 /* V.png */,
				1ADD85F41B37995500E26261 /* W.png */,
				1ADD85F51B37995500E26261 /* X.png */,
				1ADD85F61B37995500E26261 /* Y.png */,
				1ADD85F71B37995500E26261 /* Z.png */,
			);
			name = Letras;
			sourceTree = "<group>";
		};
		1ADD86131B37BDC400E26261 /* Objetos */ = {
			isa = PBXGroup;
			children = (
				1ADD86141B37BDF600E26261 /* Agua.png */,
				1ADD86151B37BDF600E26261 /* Calça.png */,
				1ADD86161B37BDF600E26261 /* ccarro.png */,
				1ADD86171B37BDF600E26261 /* Casa.png */,
				1ADD86181B37BDF600E26261 /* Cenoura.png */,
				1ADD86191B37BDF600E26261 /* Chuva.png */,
				1ADD861A1B37BDF600E26261 /* Hospital.png */,
				1ADD861B1B37BDF600E26261 /* Olho.png */,
			);
			name = Objetos;
			sourceTree = "<group>";
		};
		A7DA6D3A1B37C6B600BD9476 /* Numeros */ = {
			isa = PBXGroup;
			children = (
				A7DA6D3C1B37C72C00BD9476 /* number1.png */,
				A7DA6D411B37C72C00BD9476 /* number2.png */,
				A7DA6D421B37C72C00BD9476 /* number3.png */,
				A7DA6D431B37C72C00BD9476 /* number4.png */,
				A7DA6D3B1B37C72C00BD9476 /* number5.png */,
				A7DA6D3E1B37C72C00BD9476 /* number6.png */,
				A7DA6D3F1B37C72C00BD9476 /* number7.png */,
				A7DA6D3D1B37C72C00BD9476 /* number8.png */,
				A7DA6D401B37C72C00BD9476 /* number9.png */,
			);
			name = Numeros;
			sourceTree = "<group>";
		};
		A7DA6D561B37CCC600BD9476 /* Music */ = {
			isa = PBXGroup;
			children = (
				A7DA6D4F1B37CCAA00BD9476 /* ambiente.mp3 */,
				A7DA6D501B37CCAA00BD9476 /* menu.mp3 */,
			);
			name = Music;
			sourceTree = "<group>";
		};
		A7DA6D5B1B389EC800BD9476 /* Buttons */ = {
			isa = PBXGroup;
			children = (
				A7DA6D591B37D6E800BD9476 /* som.png */,
				CD8BFA7E1B2A1BD800FB3356 /* star.png */,
				1ADD85971B37812500E26261 /* fases.png */,
				1ADD85891B376E0300E26261 /* sound copy.png */,
				1ADD85991B37812F00E26261 /* fecharJanela.png */,
				1ADD859B1B37813700E26261 /* JogarNovamente.png */,
				1ADD859D1B37813E00E26261 /* prosseguir.png */,
				CD6A5A961B34AAE400C9E48C /* volume.png */,
			);
			name = Buttons;
			sourceTree = "<group>";
		};
		AFF482931B38A1A000EE4223 /* Effects */ = {
			isa = PBXGroup;
			children = (
				AFF482941B38A1B300EE4223 /* estrela.wav */,
				AFF482951B38A1B300EE4223 /* jump1.wav */,
				AFF482961B38A1B300EE4223 /* jump2.wav */,
				AFF482971B38A1B300EE4223 /* jump3.wav */,
				AFF482981B38A1B300EE4223 /* jump4.wav */,
				AFF482991B38A1B300EE4223 /* jump5.wav */,
				AFF4829A1B38A1B300EE4223 /* jump6.wav */,
				AFF4829B1B38A1B300EE4223 /* letra.wav */,
				AFF4829C1B38A1B300EE4223 /* steps.wav */,
			);
			name = Effects;
			sourceTree = "<group>";
		};
		CD4EBA511B389007009C1DD3 /* FasesEstrelas */ = {
			isa = PBXGroup;
			children = (
				CD9D6C871B38A54F002AD6ED /* estrela_3.png */,
				CD9D6C881B38A54F002AD6ED /* estrela_2.png */,
				CD9D6C891B38A54F002AD6ED /* estrela_1.png */,
			);
			name = FasesEstrelas;
			sourceTree = "<group>";
		};
		CD6A5AA01B34C1E500C9E48C /* Model */ = {
			isa = PBXGroup;
			children = (
				1AE4A36D1B3371DA00C21087 /* DataManager.swift */,
				CD8BFA5C1B2A1A4500FB3356 /* GameScene.sks */,
			);
			name = Model;
			sourceTree = "<group>";
		};
		CD6A5AA11B34C1EE00C9E48C /* View */ = {
			isa = PBXGroup;
			children = (
				A7DA6D571B37D68600BD9476 /* Main.storyboard */,
				CD8BFA651B2A1A4500FB3356 /* Images.xcassets */,
				CD8BFA671B2A1A4500FB3356 /* LaunchScreen.xib */,
			);
			name = View;
			sourceTree = "<group>";
		};
		CD6A5AA21B34C1FC00C9E48C /* Resources */ = {
			isa = PBXGroup;
			children = (
				CDD691A31B37083D002A64C7 /* Partículas */,
				CD6A5AA61B34C24C00C9E48C /* Data */,
				CD6A5AA41B34C21000C9E48C /* Sounds */,
				CD6A5AA31B34C20200C9E48C /* Images */,
			);
			name = Resources;
			sourceTree = "<group>";
		};
		CD6A5AA31B34C20200C9E48C /* Images */ = {
			isa = PBXGroup;
			children = (
				CD4EBA511B389007009C1DD3 /* FasesEstrelas */,
				A7DA6D5B1B389EC800BD9476 /* Buttons */,
				A7DA6D3A1B37C6B600BD9476 /* Numeros */,
				1ADD86131B37BDC400E26261 /* Objetos */,
				1ADD85DC1B37994000E26261 /* Letras */,
				CDD691CB1B374F21002A64C7 /* Personagem-Pulando */,
				CDD691C61B374D02002A64C7 /* Personagem-Feliz */,
				CDD691B51B3745E1002A64C7 /* Personagem-Voando */,
				CDD691A61B373AAE002A64C7 /* Planetas */,
				1ADD859F1B37814800E26261 /* fundoDoHud.png */,
				1ADD85A11B37815400E26261 /* janela1.png */,
				1ADFB1D01B38C60100A05137 /* janela2.png */,
				CD8BFAB61B2B451300FB3356 /* 2.png */,
				CD8BFAB81B2B57C600FB3356 /* 3.png */,
				CD8BFABA1B2B594600FB3356 /* 4.png */,
				CD9A5FD81B2B635F0043415D /* 5.png */,
				CD4B9C931B30A03100C307C2 /* 6.png */,
				CD4B9C951B30A27000C307C2 /* 7.png */,
				1ADD85871B375FD100E26261 /* Line.png */,
				CD6A5A981B34ADB000C9E48C /* x.gif */,
				CD6A5A941B34896600C9E48C /* estrela.png */,
				1ADD858B1B3770FC00E26261 /* estrelaApagada.png */,
				CD6A5A9C1B34BA7A00C9E48C /* Mask.png */,
				A75C33EC1B37B6BD005FF4FD /* logo.jpg */,
				CD6A5A9E1B34BD4000C9E48C /* background.jpg */,
				A7F007371B3DD3CE005B5113 /* bepidLogo.png */,
			);
			name = Images;
			sourceTree = "<group>";
		};
		CD6A5AA41B34C21000C9E48C /* Sounds */ = {
			isa = PBXGroup;
			children = (
				AFF482931B38A1A000EE4223 /* Effects */,
				A7DA6D561B37CCC600BD9476 /* Music */,
				A7DA6D511B37CCAA00BD9476 /* vitoria.mp3.mp3 */,
				CD15DF5F1B377A3700DC50BD /* vamos_amiguinhos.wav */,
				CD15DF601B377A3700DC50BD /* agua.wav */,
				CD15DF611B377A3700DC50BD /* calca.wav */,
				CD15DF621B377A3700DC50BD /* carro.wav */,
				CD15DF631B377A3700DC50BD /* casa.wav */,
				CD15DF641B377A3700DC50BD /* cenoura.wav */,
				CD15DF651B377A3700DC50BD /* chuva.wav */,
				CD15DF661B377A3700DC50BD /* eu_sou_o_alfa.wav */,
				CD15DF671B377A3700DC50BD /* eu_sou_o_alfa2.wav */,
				CD15DF681B377A3700DC50BD /* hospital.wav */,
				CD15DF691B377A3700DC50BD /* olho.wav */,
				CD15DF6A1B377A3700DC50BD /* vamos_la.wav */,
			);
			name = Sounds;
			sourceTree = "<group>";
		};
		CD6A5AA51B34C21800C9E48C /* Controller */ = {
			isa = PBXGroup;
			children = (
				A7F007391B3DDC02005B5113 /* CreditosViewController.swift */,
				CD8BFA5A1B2A1A4500FB3356 /* AppDelegate.swift */,
				CD8BFA5E1B2A1A4500FB3356 /* GameScene.swift */,
				CD8BFA801B2A1BFF00FB3356 /* SpriteNode.swift */,
				1AE4A3711B3387E900C21087 /* EscolhaDaFaseViewController.swift */,
				CD8BFA601B2A1A4500FB3356 /* GameViewController.swift */,
				1A8B7F901B365E5C00315FF3 /* FimDaFaseScene.swift */,
				A7DA6D4D1B37C9FE00BD9476 /* InitialViewController.swift */,
			);
			name = Controller;
			sourceTree = "<group>";
		};
		CD6A5AA61B34C24C00C9E48C /* Data */ = {
			isa = PBXGroup;
			children = (
				AFB7D27B1B363B0B0073C367 /* data.json */,
			);
			name = Data;
			sourceTree = "<group>";
		};
		CD8BFA4C1B2A1A4500FB3356 = {
			isa = PBXGroup;
			children = (
				CD8BFA571B2A1A4500FB3356 /* Rock Box */,
				CD8BFA711B2A1A4500FB3356 /* Rock BoxTests */,
				CD8BFA561B2A1A4500FB3356 /* Products */,
			);
			sourceTree = "<group>";
		};
		CD8BFA561B2A1A4500FB3356 /* Products */ = {
			isa = PBXGroup;
			children = (
				CD8BFA551B2A1A4500FB3356 /* Rock Box.app */,
				CD8BFA6E1B2A1A4500FB3356 /* Rock BoxTests.xctest */,
			);
			name = Products;
			sourceTree = "<group>";
		};
		CD8BFA571B2A1A4500FB3356 /* Rock Box */ = {
			isa = PBXGroup;
			children = (
				CD6A5AA51B34C21800C9E48C /* Controller */,
				CD6A5AA21B34C1FC00C9E48C /* Resources */,
				CD6A5AA11B34C1EE00C9E48C /* View */,
				CD6A5AA01B34C1E500C9E48C /* Model */,
				CD8BFA581B2A1A4500FB3356 /* Supporting Files */,
			);
			path = "Rock Box";
			sourceTree = "<group>";
		};
		CD8BFA581B2A1A4500FB3356 /* Supporting Files */ = {
			isa = PBXGroup;
			children = (
				CD8BFA591B2A1A4500FB3356 /* Info.plist */,
			);
			name = "Supporting Files";
			sourceTree = "<group>";
		};
		CD8BFA711B2A1A4500FB3356 /* Rock BoxTests */ = {
			isa = PBXGroup;
			children = (
				CD8BFA741B2A1A4500FB3356 /* Rock_BoxTests.swift */,
				CD8BFA721B2A1A4500FB3356 /* Supporting Files */,
			);
			path = "Rock BoxTests";
			sourceTree = "<group>";
		};
		CD8BFA721B2A1A4500FB3356 /* Supporting Files */ = {
			isa = PBXGroup;
			children = (
				CD8BFA731B2A1A4500FB3356 /* Info.plist */,
			);
			name = "Supporting Files";
			sourceTree = "<group>";
		};
		CDD691A31B37083D002A64C7 /* Partículas */ = {
			isa = PBXGroup;
			children = (
				CDD6919B1B37082F002A64C7 /* spark.png */,
				CDD691A41B371557002A64C7 /* stars.sks */,
				CDD6919C1B37082F002A64C7 /* azul.sks */,
				CDD6919D1B37082F002A64C7 /* vermelho.sks */,
				CDD6919E1B37082F002A64C7 /* verde.sks */,
			);
			name = "Partículas";
			sourceTree = "<group>";
		};
		CDD691A61B373AAE002A64C7 /* Planetas */ = {
			isa = PBXGroup;
			children = (
				1AE01D501B39D99C0052BD17 /* planetaCinza.png */,
				CDD691AD1B373F1D002A64C7 /* planetavermelho.png */,
				CDD691B11B373F25002A64C7 /* planetaverde.png */,
				CDD691AF1B373F21002A64C7 /* planetaazul.png */,
			);
			name = Planetas;
			sourceTree = "<group>";
		};
		CDD691B51B3745E1002A64C7 /* Personagem-Voando */ = {
			isa = PBXGroup;
			children = (
				CDD691BE1B374610002A64C7 /* Personagem_voando_1.png */,
				CDD691BF1B374610002A64C7 /* Personagem_voando_2.png */,
				CDD691C01B374610002A64C7 /* Personagem_voando_3.png */,
				CDD691C11B374610002A64C7 /* Personagem_voando_4.png */,
			);
			name = "Personagem-Voando";
			sourceTree = "<group>";
		};
		CDD691C61B374D02002A64C7 /* Personagem-Feliz */ = {
			isa = PBXGroup;
			children = (
				CDD691C71B374D17002A64C7 /* Personagem_feliz_1.png */,
				CDD691C81B374D17002A64C7 /* Personagem_feliz_2.png */,
			);
			name = "Personagem-Feliz";
			sourceTree = "<group>";
		};
		CDD691CB1B374F21002A64C7 /* Personagem-Pulando */ = {
			isa = PBXGroup;
			children = (
				CDD691CC1B374F38002A64C7 /* Personagem_pulando_1.png */,
				CDD691CD1B374F38002A64C7 /* Personagem_pulando_2.png */,
				CDD691CF1B374F38002A64C7 /* Personagem_pulando_4.png */,
				CDD691CE1B374F38002A64C7 /* Personagem_pulando_3.png */,
				CDD691D01B374F38002A64C7 /* Personagem_pulando_5.png */,
				CDD691D11B374F38002A64C7 /* Personagem_pulando_6.png */,
				CDD691D21B374F38002A64C7 /* Personagem_pulando_7.png */,
			);
			name = "Personagem-Pulando";
			sourceTree = "<group>";
		};
/* End PBXGroup section */

/* Begin PBXNativeTarget section */
		CD8BFA541B2A1A4500FB3356 /* Rock Box */ = {
			isa = PBXNativeTarget;
			buildConfigurationList = CD8BFA781B2A1A4500FB3356 /* Build configuration list for PBXNativeTarget "Rock Box" */;
			buildPhases = (
				CD8BFA511B2A1A4500FB3356 /* Sources */,
				CD8BFA521B2A1A4500FB3356 /* Frameworks */,
				CD8BFA531B2A1A4500FB3356 /* Resources */,
			);
			buildRules = (
			);
			dependencies = (
			);
			name = "Rock Box";
			productName = "Rock Box";
			productReference = CD8BFA551B2A1A4500FB3356 /* Rock Box.app */;
			productType = "com.apple.product-type.application";
		};
		CD8BFA6D1B2A1A4500FB3356 /* Rock BoxTests */ = {
			isa = PBXNativeTarget;
			buildConfigurationList = CD8BFA7B1B2A1A4500FB3356 /* Build configuration list for PBXNativeTarget "Rock BoxTests" */;
			buildPhases = (
				CD8BFA6A1B2A1A4500FB3356 /* Sources */,
				CD8BFA6B1B2A1A4500FB3356 /* Frameworks */,
				CD8BFA6C1B2A1A4500FB3356 /* Resources */,
			);
			buildRules = (
			);
			dependencies = (
				CD8BFA701B2A1A4500FB3356 /* PBXTargetDependency */,
			);
			name = "Rock BoxTests";
			productName = "Rock BoxTests";
			productReference = CD8BFA6E1B2A1A4500FB3356 /* Rock BoxTests.xctest */;
			productType = "com.apple.product-type.bundle.unit-test";
		};
/* End PBXNativeTarget section */

/* Begin PBXProject section */
		CD8BFA4D1B2A1A4500FB3356 /* Project object */ = {
			isa = PBXProject;
			attributes = {
				LastUpgradeCheck = 0630;
				ORGANIZATIONNAME = "Leonardo Geus";
				TargetAttributes = {
					CD8BFA541B2A1A4500FB3356 = {
						CreatedOnToolsVersion = 6.3.1;
						DevelopmentTeam = H7C2V5GHBN;
					};
					CD8BFA6D1B2A1A4500FB3356 = {
						CreatedOnToolsVersion = 6.3.1;
						TestTargetID = CD8BFA541B2A1A4500FB3356;
					};
				};
			};
			buildConfigurationList = CD8BFA501B2A1A4500FB3356 /* Build configuration list for PBXProject "Rock Box" */;
			compatibilityVersion = "Xcode 3.2";
			developmentRegion = English;
			hasScannedForEncodings = 0;
			knownRegions = (
				en,
				Base,
			);
			mainGroup = CD8BFA4C1B2A1A4500FB3356;
			productRefGroup = CD8BFA561B2A1A4500FB3356 /* Products */;
			projectDirPath = "";
			projectRoot = "";
			targets = (
				CD8BFA541B2A1A4500FB3356 /* Rock Box */,
				CD8BFA6D1B2A1A4500FB3356 /* Rock BoxTests */,
			);
		};
/* End PBXProject section */

/* Begin PBXResourcesBuildPhase section */
		CD8BFA531B2A1A4500FB3356 /* Resources */ = {
			isa = PBXResourcesBuildPhase;
			buildActionMask = 2147483647;
			files = (
				1ADD860E1B37995500E26261 /* V.png in Resources */,
				1ADD86221B37BDF600E26261 /* Hospital.png in Resources */,
				CD9D6C8A1B38A54F002AD6ED /* estrela_3.png in Resources */,
				1ADD861D1B37BDF600E26261 /* Calça.png in Resources */,
				CD8BFAB91B2B57C600FB3356 /* 3.png in Resources */,
				CDD691AE1B373F1D002A64C7 /* planetavermelho.png in Resources */,
				1ADD861F1B37BDF600E26261 /* Casa.png in Resources */,
				1ADD85FB1B37995500E26261 /* Ç.png in Resources */,
				CDD691D71B374F38002A64C7 /* Personagem_pulando_5.png in Resources */,
				1ADD86021B37995500E26261 /* J.png in Resources */,
				CDD6919F1B37082F002A64C7 /* spark.png in Resources */,
				1ADFB1D11B38C60100A05137 /* janela2.png in Resources */,
				1ADD859E1B37813E00E26261 /* prosseguir.png in Resources */,
				CD8BFA691B2A1A4500FB3356 /* LaunchScreen.xib in Resources */,
				CDD691D61B374F38002A64C7 /* Personagem_pulando_4.png in Resources */,
				A7DA6D491B37C72C00BD9476 /* number9.png in Resources */,
				CD15DF761B377A3700DC50BD /* vamos_la.wav in Resources */,
				1ADD85FD1B37995500E26261 /* E.png in Resources */,
				A7DA6D471B37C72C00BD9476 /* number6.png in Resources */,
				1ADD86091B37995500E26261 /* Q.png in Resources */,
				CDD691CA1B374D17002A64C7 /* Personagem_feliz_2.png in Resources */,
				1AE01D511B39D99C0052BD17 /* planetaCinza.png in Resources */,
				CD15DF741B377A3700DC50BD /* hospital.wav in Resources */,
				CD15DF6C1B377A3700DC50BD /* agua.wav in Resources */,
				CD6A5A991B34ADB000C9E48C /* x.gif in Resources */,
				CD8BFA7F1B2A1BD800FB3356 /* star.png in Resources */,
				A7DA6D521B37CCAA00BD9476 /* ambiente.mp3 in Resources */,
				1ADD858C1B3770FC00E26261 /* estrelaApagada.png in Resources */,
				A7DA6D481B37C72C00BD9476 /* number7.png in Resources */,
				1ADD860D1B37995500E26261 /* U.png in Resources */,
				CD8BFA661B2A1A4500FB3356 /* Images.xcassets in Resources */,
				1ADD86201B37BDF600E26261 /* Cenoura.png in Resources */,
				CD15DF711B377A3700DC50BD /* chuva.wav in Resources */,
				CDD691C21B374610002A64C7 /* Personagem_voando_1.png in Resources */,
				CD15DF701B377A3700DC50BD /* cenoura.wav in Resources */,
				1ADD86111B37995500E26261 /* Y.png in Resources */,
				CDD691C51B374610002A64C7 /* Personagem_voando_4.png in Resources */,
				CDD691C91B374D17002A64C7 /* Personagem_feliz_1.png in Resources */,
				CD8BFA5D1B2A1A4500FB3356 /* GameScene.sks in Resources */,
				1ADD86001B37995500E26261 /* H.png in Resources */,
				1ADD86051B37995500E26261 /* M.png in Resources */,
				CD4B9C941B30A03100C307C2 /* 6.png in Resources */,
				1ADD86081B37995500E26261 /* P.png in Resources */,
				CD9D6C8B1B38A54F002AD6ED /* estrela_2.png in Resources */,
				1ADD859C1B37813700E26261 /* JogarNovamente.png in Resources */,
				1ADD86011B37995500E26261 /* I.png in Resources */,
				A7DA6D4A1B37C72C00BD9476 /* number2.png in Resources */,
				1ADD86061B37995500E26261 /* N.png in Resources */,
				CD8BFABB1B2B594600FB3356 /* 4.png in Resources */,
				A7DA6D451B37C72C00BD9476 /* number1.png in Resources */,
				A7DA6D4B1B37C72C00BD9476 /* number3.png in Resources */,
				A7DA6D581B37D68600BD9476 /* Main.storyboard in Resources */,
				A7DA6D461B37C72C00BD9476 /* number8.png in Resources */,
				1ADD859A1B37812F00E26261 /* fecharJanela.png in Resources */,
				CD6A5A9D1B34BA7A00C9E48C /* Mask.png in Resources */,
				CDD691A01B37082F002A64C7 /* azul.sks in Resources */,
				CDD691D91B374F38002A64C7 /* Personagem_pulando_7.png in Resources */,
				CDD691B21B373F25002A64C7 /* planetaverde.png in Resources */,
				CD8BFAB71B2B451300FB3356 /* 2.png in Resources */,
				1ADD86041B37995500E26261 /* L.png in Resources */,
				AFF482A21B38A1B300EE4223 /* jump5.wav in Resources */,
				A7DA6D5A1B37D6E800BD9476 /* som.png in Resources */,
				A7DA6D531B37CCAA00BD9476 /* menu.mp3 in Resources */,
				1ADD858A1B376E0300E26261 /* sound copy.png in Resources */,
				CD15DF6F1B377A3700DC50BD /* casa.wav in Resources */,
				CD09F5D41B3DCCDD0038AF6D /* G.png in Resources */,
				AFB7D27C1B363B0B0073C367 /* data.json in Resources */,
				1ADD860F1B37995500E26261 /* W.png in Resources */,
				1ADD860C1B37995500E26261 /* T.png in Resources */,
				1ADD85A01B37814800E26261 /* fundoDoHud.png in Resources */,
				CD09F5D31B3DCCDD0038AF6D /* Á.png in Resources */,
				CD15DF6E1B377A3700DC50BD /* carro.wav in Resources */,
				CD9D6C8C1B38A54F002AD6ED /* estrela_1.png in Resources */,
				CD15DF751B377A3700DC50BD /* olho.wav in Resources */,
				CD15DF721B377A3700DC50BD /* eu_sou_o_alfa.wav in Resources */,
				A7DA6D4C1B37C72C00BD9476 /* number4.png in Resources */,
				A7DA6D441B37C72C00BD9476 /* number5.png in Resources */,
				1ADD860A1B37995500E26261 /* R.png in Resources */,
				1ADD85FA1B37995500E26261 /* C.png in Resources */,
				A75C33ED1B37B6BD005FF4FD /* logo.jpg in Resources */,
				CD15DF6D1B377A3700DC50BD /* calca.wav in Resources */,
				CD4B9C961B30A27000C307C2 /* 7.png in Resources */,
				1ADD86211B37BDF600E26261 /* Chuva.png in Resources */,
				CDD691C31B374610002A64C7 /* Personagem_voando_2.png in Resources */,
				AFF4829E1B38A1B300EE4223 /* jump1.wav in Resources */,
				1ADD85881B375FD100E26261 /* Line.png in Resources */,
				CDD691A11B37082F002A64C7 /* vermelho.sks in Resources */,
				CD15DF6B1B377A3700DC50BD /* vamos_amiguinhos.wav in Resources */,
				1ADD86231B37BDF600E26261 /* Olho.png in Resources */,
				1ADD86101B37995500E26261 /* X.png in Resources */,
				CD9A5FD91B2B635F0043415D /* 5.png in Resources */,
				CD15DF731B377A3700DC50BD /* eu_sou_o_alfa2.wav in Resources */,
				AFF482A11B38A1B300EE4223 /* jump4.wav in Resources */,
				AFF4829D1B38A1B300EE4223 /* estrela.wav in Resources */,
				1ADD85A21B37815400E26261 /* janela1.png in Resources */,
				CDD691A21B37082F002A64C7 /* verde.sks in Resources */,
				CD6A5A971B34AAE400C9E48C /* volume.png in Resources */,
				CDD691B01B373F21002A64C7 /* planetaazul.png in Resources */,
				CDD691D41B374F38002A64C7 /* Personagem_pulando_2.png in Resources */,
				CD6A5A951B34896600C9E48C /* estrela.png in Resources */,
				CDD691D51B374F38002A64C7 /* Personagem_pulando_3.png in Resources */,
				A7F007381B3DD3CE005B5113 /* bepidLogo.png in Resources */,
				1ADD86031B37995500E26261 /* K.png in Resources */,
				AFF482A51B38A1B300EE4223 /* steps.wav in Resources */,
				AFF482A41B38A1B300EE4223 /* letra.wav in Resources */,
				1ADD861C1B37BDF600E26261 /* Agua.png in Resources */,
				CD6A5A9F1B34BD4000C9E48C /* background.jpg in Resources */,
				1ADD85981B37812500E26261 /* fases.png in Resources */,
				CDD691D81B374F38002A64C7 /* Personagem_pulando_6.png in Resources */,
				1ADD85F91B37995500E26261 /* B.png in Resources */,
				1ADD861E1B37BDF600E26261 /* ccarro.png in Resources */,
				A7DA6D541B37CCAA00BD9476 /* vitoria.mp3.mp3 in Resources */,
				CDD691A51B371557002A64C7 /* stars.sks in Resources */,
				AFF4829F1B38A1B300EE4223 /* jump2.wav in Resources */,
				1ADD86071B37995500E26261 /* O.png in Resources */,
				1ADD860B1B37995500E26261 /* S.png in Resources */,
				1ADD85FC1B37995500E26261 /* D.png in Resources */,
				1ADD85F81B37995500E26261 /* A.png in Resources */,
				1ADD86121B37995500E26261 /* Z.png in Resources */,
				1ADD85FE1B37995500E26261 /* F.png in Resources */,
				AFF482A31B38A1B300EE4223 /* jump6.wav in Resources */,
				CDD691D31B374F38002A64C7 /* Personagem_pulando_1.png in Resources */,
				CDD691C41B374610002A64C7 /* Personagem_voando_3.png in Resources */,
			);
			runOnlyForDeploymentPostprocessing = 0;
		};
		CD8BFA6C1B2A1A4500FB3356 /* Resources */ = {
			isa = PBXResourcesBuildPhase;
			buildActionMask = 2147483647;
			files = (
			);
			runOnlyForDeploymentPostprocessing = 0;
		};
/* End PBXResourcesBuildPhase section */

/* Begin PBXSourcesBuildPhase section */
		CD8BFA511B2A1A4500FB3356 /* Sources */ = {
			isa = PBXSourcesBuildPhase;
			buildActionMask = 2147483647;
			files = (
				1A8B7F911B365E5C00315FF3 /* FimDaFaseScene.swift in Sources */,
				1AE4A36E1B3371DA00C21087 /* DataManager.swift in Sources */,
				CD8BFA5F1B2A1A4500FB3356 /* GameScene.swift in Sources */,
				A7F0073A1B3DDC02005B5113 /* CreditosViewController.swift in Sources */,
				CD8BFA811B2A1BFF00FB3356 /* SpriteNode.swift in Sources */,
				CD8BFA611B2A1A4500FB3356 /* GameViewController.swift in Sources */,
				CD8BFA5B1B2A1A4500FB3356 /* AppDelegate.swift in Sources */,
				1AE4A3721B3387E900C21087 /* EscolhaDaFaseViewController.swift in Sources */,
				A7DA6D4E1B37C9FE00BD9476 /* InitialViewController.swift in Sources */,
			);
			runOnlyForDeploymentPostprocessing = 0;
		};
		CD8BFA6A1B2A1A4500FB3356 /* Sources */ = {
			isa = PBXSourcesBuildPhase;
			buildActionMask = 2147483647;
			files = (
				CD8BFA751B2A1A4500FB3356 /* Rock_BoxTests.swift in Sources */,
			);
			runOnlyForDeploymentPostprocessing = 0;
		};
/* End PBXSourcesBuildPhase section */

/* Begin PBXTargetDependency section */
		CD8BFA701B2A1A4500FB3356 /* PBXTargetDependency */ = {
			isa = PBXTargetDependency;
			target = CD8BFA541B2A1A4500FB3356 /* Rock Box */;
			targetProxy = CD8BFA6F1B2A1A4500FB3356 /* PBXContainerItemProxy */;
		};
/* End PBXTargetDependency section */

/* Begin PBXVariantGroup section */
		CD8BFA671B2A1A4500FB3356 /* LaunchScreen.xib */ = {
			isa = PBXVariantGroup;
			children = (
				CD8BFA681B2A1A4500FB3356 /* Base */,
			);
			name = LaunchScreen.xib;
			sourceTree = "<group>";
		};
/* End PBXVariantGroup section */

/* Begin XCBuildConfiguration section */
		CD8BFA761B2A1A4500FB3356 /* Debug */ = {
			isa = XCBuildConfiguration;
			buildSettings = {
				ALWAYS_SEARCH_USER_PATHS = NO;
				CLANG_CXX_LANGUAGE_STANDARD = "gnu++0x";
				CLANG_CXX_LIBRARY = "libc++";
				CLANG_ENABLE_MODULES = YES;
				CLANG_ENABLE_OBJC_ARC = YES;
				CLANG_WARN_BOOL_CONVERSION = YES;
				CLANG_WARN_CONSTANT_CONVERSION = YES;
				CLANG_WARN_DIRECT_OBJC_ISA_USAGE = YES_ERROR;
				CLANG_WARN_EMPTY_BODY = YES;
				CLANG_WARN_ENUM_CONVERSION = YES;
				CLANG_WARN_INT_CONVERSION = YES;
				CLANG_WARN_OBJC_ROOT_CLASS = YES_ERROR;
				CLANG_WARN_UNREACHABLE_CODE = YES;
				CLANG_WARN__DUPLICATE_METHOD_MATCH = YES;
				"CODE_SIGN_IDENTITY[sdk=iphoneos*]" = "iPhone Developer";
				COPY_PHASE_STRIP = NO;
				DEBUG_INFORMATION_FORMAT = "dwarf-with-dsym";
				ENABLE_STRICT_OBJC_MSGSEND = YES;
				GCC_C_LANGUAGE_STANDARD = gnu99;
				GCC_DYNAMIC_NO_PIC = NO;
				GCC_NO_COMMON_BLOCKS = YES;
				GCC_OPTIMIZATION_LEVEL = 0;
				GCC_PREPROCESSOR_DEFINITIONS = (
					"DEBUG=1",
					"$(inherited)",
				);
				GCC_SYMBOLS_PRIVATE_EXTERN = NO;
				GCC_WARN_64_TO_32_BIT_CONVERSION = YES;
				GCC_WARN_ABOUT_RETURN_TYPE = YES_ERROR;
				GCC_WARN_UNDECLARED_SELECTOR = YES;
				GCC_WARN_UNINITIALIZED_AUTOS = YES_AGGRESSIVE;
				GCC_WARN_UNUSED_FUNCTION = YES;
				GCC_WARN_UNUSED_VARIABLE = YES;
				IPHONEOS_DEPLOYMENT_TARGET = 8.3;
				MTL_ENABLE_DEBUG_INFO = YES;
				ONLY_ACTIVE_ARCH = YES;
				SDKROOT = iphoneos;
				SWIFT_OPTIMIZATION_LEVEL = "-Onone";
				TARGETED_DEVICE_FAMILY = "1,2";
			};
			name = Debug;
		};
		CD8BFA771B2A1A4500FB3356 /* Release */ = {
			isa = XCBuildConfiguration;
			buildSettings = {
				ALWAYS_SEARCH_USER_PATHS = NO;
				CLANG_CXX_LANGUAGE_STANDARD = "gnu++0x";
				CLANG_CXX_LIBRARY = "libc++";
				CLANG_ENABLE_MODULES = YES;
				CLANG_ENABLE_OBJC_ARC = YES;
				CLANG_WARN_BOOL_CONVERSION = YES;
				CLANG_WARN_CONSTANT_CONVERSION = YES;
				CLANG_WARN_DIRECT_OBJC_ISA_USAGE = YES_ERROR;
				CLANG_WARN_EMPTY_BODY = YES;
				CLANG_WARN_ENUM_CONVERSION = YES;
				CLANG_WARN_INT_CONVERSION = YES;
				CLANG_WARN_OBJC_ROOT_CLASS = YES_ERROR;
				CLANG_WARN_UNREACHABLE_CODE = YES;
				CLANG_WARN__DUPLICATE_METHOD_MATCH = YES;
				"CODE_SIGN_IDENTITY[sdk=iphoneos*]" = "iPhone Developer";
				COPY_PHASE_STRIP = NO;
				DEBUG_INFORMATION_FORMAT = "dwarf-with-dsym";
				ENABLE_NS_ASSERTIONS = NO;
				ENABLE_STRICT_OBJC_MSGSEND = YES;
				GCC_C_LANGUAGE_STANDARD = gnu99;
				GCC_NO_COMMON_BLOCKS = YES;
				GCC_WARN_64_TO_32_BIT_CONVERSION = YES;
				GCC_WARN_ABOUT_RETURN_TYPE = YES_ERROR;
				GCC_WARN_UNDECLARED_SELECTOR = YES;
				GCC_WARN_UNINITIALIZED_AUTOS = YES_AGGRESSIVE;
				GCC_WARN_UNUSED_FUNCTION = YES;
				GCC_WARN_UNUSED_VARIABLE = YES;
				IPHONEOS_DEPLOYMENT_TARGET = 8.3;
				MTL_ENABLE_DEBUG_INFO = NO;
				SDKROOT = iphoneos;
				TARGETED_DEVICE_FAMILY = "1,2";
				VALIDATE_PRODUCT = YES;
			};
			name = Release;
		};
		CD8BFA791B2A1A4500FB3356 /* Debug */ = {
			isa = XCBuildConfiguration;
			buildSettings = {
				ASSETCATALOG_COMPILER_APPICON_NAME = AppIcon;
				ASSETCATALOG_COMPILER_LAUNCHIMAGE_NAME = LaunchImage;
				CODE_SIGN_IDENTITY = "iPhone Developer";
				"CODE_SIGN_IDENTITY[sdk=iphoneos*]" = "iPhone Developer";
				INFOPLIST_FILE = "Rock Box/Info.plist";
				IPHONEOS_DEPLOYMENT_TARGET = 7.0;
				LD_RUNPATH_SEARCH_PATHS = "$(inherited) @executable_path/Frameworks";
				PRODUCT_NAME = "$(TARGET_NAME)";
				PROVISIONING_PROFILE = "";
				TARGETED_DEVICE_FAMILY = 2;
			};
			name = Debug;
		};
		CD8BFA7A1B2A1A4500FB3356 /* Release */ = {
			isa = XCBuildConfiguration;
			buildSettings = {
				ASSETCATALOG_COMPILER_APPICON_NAME = AppIcon;
				ASSETCATALOG_COMPILER_LAUNCHIMAGE_NAME = LaunchImage;
				CODE_SIGN_IDENTITY = "iPhone Developer";
				"CODE_SIGN_IDENTITY[sdk=iphoneos*]" = "iPhone Developer";
				INFOPLIST_FILE = "Rock Box/Info.plist";
				IPHONEOS_DEPLOYMENT_TARGET = 7.0;
				LD_RUNPATH_SEARCH_PATHS = "$(inherited) @executable_path/Frameworks";
				PRODUCT_NAME = "$(TARGET_NAME)";
				PROVISIONING_PROFILE = "";
				TARGETED_DEVICE_FAMILY = 2;
			};
			name = Release;
		};
		CD8BFA7C1B2A1A4500FB3356 /* Debug */ = {
			isa = XCBuildConfiguration;
			buildSettings = {
				BUNDLE_LOADER = "$(TEST_HOST)";
				FRAMEWORK_SEARCH_PATHS = (
					"$(SDKROOT)/Developer/Library/Frameworks",
					"$(inherited)",
				);
				GCC_PREPROCESSOR_DEFINITIONS = (
					"DEBUG=1",
					"$(inherited)",
				);
				INFOPLIST_FILE = "Rock BoxTests/Info.plist";
				LD_RUNPATH_SEARCH_PATHS = "$(inherited) @executable_path/Frameworks @loader_path/Frameworks";
				PRODUCT_NAME = "$(TARGET_NAME)";
				TEST_HOST = "$(BUILT_PRODUCTS_DIR)/Rock Box.app/Rock Box";
			};
			name = Debug;
		};
		CD8BFA7D1B2A1A4500FB3356 /* Release */ = {
			isa = XCBuildConfiguration;
			buildSettings = {
				BUNDLE_LOADER = "$(TEST_HOST)";
				FRAMEWORK_SEARCH_PATHS = (
					"$(SDKROOT)/Developer/Library/Frameworks",
					"$(inherited)",
				);
				INFOPLIST_FILE = "Rock BoxTests/Info.plist";
				LD_RUNPATH_SEARCH_PATHS = "$(inherited) @executable_path/Frameworks @loader_path/Frameworks";
				PRODUCT_NAME = "$(TARGET_NAME)";
				TEST_HOST = "$(BUILT_PRODUCTS_DIR)/Rock Box.app/Rock Box";
			};
			name = Release;
		};
/* End XCBuildConfiguration section */

/* Begin XCConfigurationList section */
		CD8BFA501B2A1A4500FB3356 /* Build configuration list for PBXProject "Rock Box" */ = {
			isa = XCConfigurationList;
			buildConfigurations = (
				CD8BFA761B2A1A4500FB3356 /* Debug */,
				CD8BFA771B2A1A4500FB3356 /* Release */,
			);
			defaultConfigurationIsVisible = 0;
			defaultConfigurationName = Release;
		};
		CD8BFA781B2A1A4500FB3356 /* Build configuration list for PBXNativeTarget "Rock Box" */ = {
			isa = XCConfigurationList;
			buildConfigurations = (
				CD8BFA791B2A1A4500FB3356 /* Debug */,
				CD8BFA7A1B2A1A4500FB3356 /* Release */,
			);
			defaultConfigurationIsVisible = 0;
			defaultConfigurationName = Release;
		};
		CD8BFA7B1B2A1A4500FB3356 /* Build configuration list for PBXNativeTarget "Rock BoxTests" */ = {
			isa = XCConfigurationList;
			buildConfigurations = (
				CD8BFA7C1B2A1A4500FB3356 /* Debug */,
				CD8BFA7D1B2A1A4500FB3356 /* Release */,
			);
			defaultConfigurationIsVisible = 0;
			defaultConfigurationName = Release;
		};
/* End XCConfigurationList section */
	};
	rootObject = CD8BFA4D1B2A1A4500FB3356 /* Project object */;
}
